<?xml version="1.0" encoding="utf-8"?>
<Project ToolsVersion="16.0" xmlns="http://schemas.microsoft.com/developer/msbuild/2003">
  <ItemGroup>
    <ClCompile Include="C:\Users\Rudolf\source\repos\STUBA-rupr\open62541-i4Component\examples\tutorial_client_events.c" />
  </ItemGroup>
  <ItemGroup>
    <ClInclude Include="C:\Users\Rudolf\source\repos\STUBA-rupr\open62541-i4Component\examples\common.h">
      <Filter>Header Files</Filter>
    </ClInclude>
  </ItemGroup>
  <ItemGroup>
    <CustomBuild Include="C:\Users\Rudolf\source\repos\STUBA-rupr\open62541-i4Component\examples\CMakeLists.txt" />
  </ItemGroup>
  <ItemGroup>
    <Filter Include="Header Files">
      <UniqueIdentifier>{7A90BE5E-180C-3A98-9EC0-B1783BE8CA52}</UniqueIdentifier>
    </Filter>
  </ItemGroup>
</Project>
