Microsoft Visual Studio Solution File, Format Version 12.00
# Visual Studio 15
Project("{2150E333-8FDC-42A3-9474-1A3956D46DE8}") = "CodeAnalysis", "CodeAnalysis", "{F5799040-1340-3614-B098-73C896F16E76}"
EndProject
Project("{2150E333-8FDC-42A3-9474-1A3956D46DE8}") = "_CmakePredifinedTargets", "_CmakePredifinedTargets", "{1F053ED0-5238-30DC-B6AA-927D99E184CF}"
EndProject
Project("{2150E333-8FDC-42A3-9474-1A3956D46DE8}") = "open62541", "open62541", "{24F0EB6E-4224-34AF-AAA5-1A1EDE7D0606}"
EndProject
Project("{2150E333-8FDC-42A3-9474-1A3956D46DE8}") = "doc", "open62541\doc", "{42E96D3C-E54F-3322-AF97-EF0B0880780D}"
EndProject
Project("{2150E333-8FDC-42A3-9474-1A3956D46DE8}") = "examples", "open62541\examples", "{E8332651-AAB4-322C-8E2B-9A5BD0F3C08C}"
EndProject
Project("{2150E333-8FDC-42A3-9474-1A3956D46DE8}") = "generators", "open62541\generators", "{DFB9EB8E-6378-3513-A67F-0072425EF989}"
EndProject
Project("{2150E333-8FDC-42A3-9474-1A3956D46DE8}") = "lib", "open62541\lib", "{D5F08B7A-4996-3254-88CB-D4297B349A7C}"
EndProject
Project("{8BC9CEB8-8B4A-11D0-8D11-00A0C91BC942}") = "ALL_BUILD", "ALL_BUILD.vcxproj", "{77E26A10-ED8A-388B-978B-6BACAB0EE90A}"
	ProjectSection(ProjectDependencies) = postProject
		{3B5D5D17-477D-3DFE-8880-099E76C6AE4C} = {3B5D5D17-477D-3DFE-8880-099E76C6AE4C}
		{EA559AE1-9EBD-3D1E-A605-E6CE065382B5} = {EA559AE1-9EBD-3D1E-A605-E6CE065382B5}
		{D1ED05DA-5BBF-3601-928F-176F761D0A08} = {D1ED05DA-5BBF-3601-928F-176F761D0A08}
		{E79E12DE-1516-3678-AB8D-749D6365C130} = {E79E12DE-1516-3678-AB8D-749D6365C130}
		{9E7EF9E2-7DF4-3A0A-8E58-14452271E533} = {9E7EF9E2-7DF4-3A0A-8E58-14452271E533}
		{FD81CD60-C5B6-341C-81E8-0C59532AB3B3} = {FD81CD60-C5B6-341C-81E8-0C59532AB3B3}
		{C398C84B-1281-3663-A672-69CFE177080D} = {C398C84B-1281-3663-A672-69CFE177080D}
		{18DD292D-C71A-38B9-BE02-AA1416564719} = {18DD292D-C71A-38B9-BE02-AA1416564719}
		{0A681781-EB0E-3233-9CA8-5B4B62556A43} = {0A681781-EB0E-3233-9CA8-5B4B62556A43}
		{0E99946D-57A8-3A55-8214-41CC822032C5} = {0E99946D-57A8-3A55-8214-41CC822032C5}
		{AD5D309F-74F8-34A9-83C2-21AF4CF389D7} = {AD5D309F-74F8-34A9-83C2-21AF4CF389D7}
		{BE1BA860-BA25-34EA-B0A6-E725577BD74C} = {BE1BA860-BA25-34EA-B0A6-E725577BD74C}
		{0AC057D4-A66D-3196-A542-0090DE017496} = {0AC057D4-A66D-3196-A542-0090DE017496}
		{B9672DC2-6A36-3375-85AE-25A5CA700B07} = {B9672DC2-6A36-3375-85AE-25A5CA700B07}
		{0AF8B5A6-8ED6-37AC-A22E-2D78962BDD40} = {0AF8B5A6-8ED6-37AC-A22E-2D78962BDD40}
		{83804A08-51C9-301A-83A8-045BB36150A8} = {83804A08-51C9-301A-83A8-045BB36150A8}
		{57A1422C-6E59-3664-9BA4-F7C041DF1F28} = {57A1422C-6E59-3664-9BA4-F7C041DF1F28}
		{5EB75657-8488-3458-8E55-7258A71404A2} = {5EB75657-8488-3458-8E55-7258A71404A2}
		{6D6AAA3B-1164-33E8-8E0D-FCBEAD811196} = {6D6AAA3B-1164-33E8-8E0D-FCBEAD811196}
		{930F6F72-A872-3A9E-8EBB-C7E17AA6E2AE} = {930F6F72-A872-3A9E-8EBB-C7E17AA6E2AE}
		{FFD9188D-458A-3289-987C-1D8562DC7894} = {FFD9188D-458A-3289-987C-1D8562DC7894}
		{5DA7A394-18D2-3C42-A14F-FA1D4507A0A3} = {5DA7A394-18D2-3C42-A14F-FA1D4507A0A3}
		{CFED61E6-163E-3C2D-8D3D-07D3497DF65F} = {CFED61E6-163E-3C2D-8D3D-07D3497DF65F}
		{86936851-8126-3702-8496-6B39EF5CD98A} = {86936851-8126-3702-8496-6B39EF5CD98A}
		{8B4230BA-FE53-39B7-892B-AB91BF733720} = {8B4230BA-FE53-39B7-892B-AB91BF733720}
		{22A21F46-C915-3E43-AC7E-8F9A821B9785} = {22A21F46-C915-3E43-AC7E-8F9A821B9785}
		{1AD2860F-500C-3732-B884-D72823A72881} = {1AD2860F-500C-3732-B884-D72823A72881}
		{8523A3F7-6CEA-3CD9-AFC2-51AB37C848C4} = {8523A3F7-6CEA-3CD9-AFC2-51AB37C848C4}
		{9F570507-12B3-3E04-92AA-D77503572C0F} = {9F570507-12B3-3E04-92AA-D77503572C0F}
		{ABC29E6E-BEAA-3A4D-98F6-0ADF6FFE69A0} = {ABC29E6E-BEAA-3A4D-98F6-0ADF6FFE69A0}
		{8FC690A9-61A3-3BC8-9C4C-58C8A46B7962} = {8FC690A9-61A3-3BC8-9C4C-58C8A46B7962}
		{9A8CCE61-E551-3CDF-9E4A-69562BA4D144} = {9A8CCE61-E551-3CDF-9E4A-69562BA4D144}
		{39524127-943D-399A-BFBA-FAC9CF61F8D1} = {39524127-943D-399A-BFBA-FAC9CF61F8D1}
		{002199C5-CAB9-3ECF-B2B6-D858665CC772} = {002199C5-CAB9-3ECF-B2B6-D858665CC772}
		{9990EF14-CFDC-369B-A7D3-B3D61CBB942D} = {9990EF14-CFDC-369B-A7D3-B3D61CBB942D}
	EndProjectSection
EndProject
Project("{8BC9CEB8-8B4A-11D0-8D11-00A0C91BC942}") = "INSTALL", "INSTALL.vcxproj", "{58F99ABC-A7A3-3F0A-9C3E-A6E1F9D23657}"
	ProjectSection(ProjectDependencies) = postProject
		{77E26A10-ED8A-388B-978B-6BACAB0EE90A} = {77E26A10-ED8A-388B-978B-6BACAB0EE90A}
		{3B5D5D17-477D-3DFE-8880-099E76C6AE4C} = {3B5D5D17-477D-3DFE-8880-099E76C6AE4C}
	EndProjectSection
EndProject
Project("{8BC9CEB8-8B4A-11D0-8D11-00A0C91BC942}") = "PACKAGE", "PACKAGE.vcxproj", "{B17FAFE3-4D46-38B8-BE36-64C4957163DC}"
	ProjectSection(ProjectDependencies) = postProject
		{77E26A10-ED8A-388B-978B-6BACAB0EE90A} = {77E26A10-ED8A-388B-978B-6BACAB0EE90A}
		{3B5D5D17-477D-3DFE-8880-099E76C6AE4C} = {3B5D5D17-477D-3DFE-8880-099E76C6AE4C}
	EndProjectSection
EndProject
Project("{8BC9CEB8-8B4A-11D0-8D11-00A0C91BC942}") = "ZERO_CHECK", "ZERO_CHECK.vcxproj", "{3B5D5D17-477D-3DFE-8880-099E76C6AE4C}"
	ProjectSection(ProjectDependencies) = postProject
	EndProjectSection
EndProject
Project("{8BC9CEB8-8B4A-11D0-8D11-00A0C91BC942}") = "access_control_client", "examples\access_control_client.vcxproj", "{EA559AE1-9EBD-3D1E-A605-E6CE065382B5}"
	ProjectSection(ProjectDependencies) = postProject
		{3B5D5D17-477D-3DFE-8880-099E76C6AE4C} = {3B5D5D17-477D-3DFE-8880-099E76C6AE4C}
		{BE1BA860-BA25-34EA-B0A6-E725577BD74C} = {BE1BA860-BA25-34EA-B0A6-E725577BD74C}
	EndProjectSection
EndProject
Project("{8BC9CEB8-8B4A-11D0-8D11-00A0C91BC942}") = "access_control_server", "examples\access_control_server.vcxproj", "{D1ED05DA-5BBF-3601-928F-176F761D0A08}"
	ProjectSection(ProjectDependencies) = postProject
		{3B5D5D17-477D-3DFE-8880-099E76C6AE4C} = {3B5D5D17-477D-3DFE-8880-099E76C6AE4C}
		{BE1BA860-BA25-34EA-B0A6-E725577BD74C} = {BE1BA860-BA25-34EA-B0A6-E725577BD74C}
	EndProjectSection
EndProject
Project("{8BC9CEB8-8B4A-11D0-8D11-00A0C91BC942}") = "clang-tidy", "clang-tidy.vcxproj", "{D7DCF325-C943-38E8-A648-638D2F04CCD0}"
	ProjectSection(ProjectDependencies) = postProject
		{3B5D5D17-477D-3DFE-8880-099E76C6AE4C} = {3B5D5D17-477D-3DFE-8880-099E76C6AE4C}
		{BE1BA860-BA25-34EA-B0A6-E725577BD74C} = {BE1BA860-BA25-34EA-B0A6-E725577BD74C}
	EndProjectSection
EndProject
Project("{8BC9CEB8-8B4A-11D0-8D11-00A0C91BC942}") = "client", "examples\client.vcxproj", "{E79E12DE-1516-3678-AB8D-749D6365C130}"
	ProjectSection(ProjectDependencies) = postProject
		{3B5D5D17-477D-3DFE-8880-099E76C6AE4C} = {3B5D5D17-477D-3DFE-8880-099E76C6AE4C}
		{BE1BA860-BA25-34EA-B0A6-E725577BD74C} = {BE1BA860-BA25-34EA-B0A6-E725577BD74C}
	EndProjectSection
EndProject
Project("{8BC9CEB8-8B4A-11D0-8D11-00A0C91BC942}") = "client_async", "examples\client_async.vcxproj", "{9E7EF9E2-7DF4-3A0A-8E58-14452271E533}"
	ProjectSection(ProjectDependencies) = postProject
		{3B5D5D17-477D-3DFE-8880-099E76C6AE4C} = {3B5D5D17-477D-3DFE-8880-099E76C6AE4C}
		{BE1BA860-BA25-34EA-B0A6-E725577BD74C} = {BE1BA860-BA25-34EA-B0A6-E725577BD74C}
	EndProjectSection
EndProject
Project("{8BC9CEB8-8B4A-11D0-8D11-00A0C91BC942}") = "client_connect", "examples\client_connect.vcxproj", "{FD81CD60-C5B6-341C-81E8-0C59532AB3B3}"
	ProjectSection(ProjectDependencies) = postProject
		{3B5D5D17-477D-3DFE-8880-099E76C6AE4C} = {3B5D5D17-477D-3DFE-8880-099E76C6AE4C}
		{BE1BA860-BA25-34EA-B0A6-E725577BD74C} = {BE1BA860-BA25-34EA-B0A6-E725577BD74C}
	EndProjectSection
EndProject
Project("{8BC9CEB8-8B4A-11D0-8D11-00A0C91BC942}") = "client_connect_loop", "examples\client_connect_loop.vcxproj", "{C398C84B-1281-3663-A672-69CFE177080D}"
	ProjectSection(ProjectDependencies) = postProject
		{3B5D5D17-477D-3DFE-8880-099E76C6AE4C} = {3B5D5D17-477D-3DFE-8880-099E76C6AE4C}
		{BE1BA860-BA25-34EA-B0A6-E725577BD74C} = {BE1BA860-BA25-34EA-B0A6-E725577BD74C}
	EndProjectSection
EndProject
Project("{8BC9CEB8-8B4A-11D0-8D11-00A0C91BC942}") = "client_connectivitycheck_loop", "examples\client_connectivitycheck_loop.vcxproj", "{18DD292D-C71A-38B9-BE02-AA1416564719}"
	ProjectSection(ProjectDependencies) = postProject
		{3B5D5D17-477D-3DFE-8880-099E76C6AE4C} = {3B5D5D17-477D-3DFE-8880-099E76C6AE4C}
		{BE1BA860-BA25-34EA-B0A6-E725577BD74C} = {BE1BA860-BA25-34EA-B0A6-E725577BD74C}
	EndProjectSection
EndProject
Project("{8BC9CEB8-8B4A-11D0-8D11-00A0C91BC942}") = "client_subscription_loop", "examples\client_subscription_loop.vcxproj", "{0A681781-EB0E-3233-9CA8-5B4B62556A43}"
	ProjectSection(ProjectDependencies) = postProject
		{3B5D5D17-477D-3DFE-8880-099E76C6AE4C} = {3B5D5D17-477D-3DFE-8880-099E76C6AE4C}
		{BE1BA860-BA25-34EA-B0A6-E725577BD74C} = {BE1BA860-BA25-34EA-B0A6-E725577BD74C}
	EndProjectSection
EndProject
Project("{8BC9CEB8-8B4A-11D0-8D11-00A0C91BC942}") = "cpplint", "cpplint.vcxproj", "{232E25EB-11B3-3C15-9C09-1E81237CBDFC}"
	ProjectSection(ProjectDependencies) = postProject
		{3B5D5D17-477D-3DFE-8880-099E76C6AE4C} = {3B5D5D17-477D-3DFE-8880-099E76C6AE4C}
	EndProjectSection
EndProject
Project("{8BC9CEB8-8B4A-11D0-8D11-00A0C91BC942}") = "custom_datatype_client", "examples\custom_datatype_client.vcxproj", "{0E99946D-57A8-3A55-8214-41CC822032C5}"
	ProjectSection(ProjectDependencies) = postProject
		{3B5D5D17-477D-3DFE-8880-099E76C6AE4C} = {3B5D5D17-477D-3DFE-8880-099E76C6AE4C}
		{BE1BA860-BA25-34EA-B0A6-E725577BD74C} = {BE1BA860-BA25-34EA-B0A6-E725577BD74C}
	EndProjectSection
EndProject
Project("{8BC9CEB8-8B4A-11D0-8D11-00A0C91BC942}") = "custom_datatype_server", "examples\custom_datatype_server.vcxproj", "{AD5D309F-74F8-34A9-83C2-21AF4CF389D7}"
	ProjectSection(ProjectDependencies) = postProject
		{3B5D5D17-477D-3DFE-8880-099E76C6AE4C} = {3B5D5D17-477D-3DFE-8880-099E76C6AE4C}
		{BE1BA860-BA25-34EA-B0A6-E725577BD74C} = {BE1BA860-BA25-34EA-B0A6-E725577BD74C}
	EndProjectSection
EndProject
Project("{8BC9CEB8-8B4A-11D0-8D11-00A0C91BC942}") = "doc", "doc\doc.vcxproj", "{F6AF84D7-2216-334E-A0CF-E5F33700E7CE}"
	ProjectSection(ProjectDependencies) = postProject
		{3B5D5D17-477D-3DFE-8880-099E76C6AE4C} = {3B5D5D17-477D-3DFE-8880-099E76C6AE4C}
		{BE1BA860-BA25-34EA-B0A6-E725577BD74C} = {BE1BA860-BA25-34EA-B0A6-E725577BD74C}
	EndProjectSection
EndProject
Project("{8BC9CEB8-8B4A-11D0-8D11-00A0C91BC942}") = "doc_latex", "doc\doc_latex.vcxproj", "{584C728F-9D89-3E23-B86F-145C9E3D39D9}"
	ProjectSection(ProjectDependencies) = postProject
		{3B5D5D17-477D-3DFE-8880-099E76C6AE4C} = {3B5D5D17-477D-3DFE-8880-099E76C6AE4C}
		{BE1BA860-BA25-34EA-B0A6-E725577BD74C} = {BE1BA860-BA25-34EA-B0A6-E725577BD74C}
	EndProjectSection
EndProject
Project("{8BC9CEB8-8B4A-11D0-8D11-00A0C91BC942}") = "doc_pdf", "doc\doc_pdf.vcxproj", "{55BD9571-54CA-3F62-8530-ED8026AB8671}"
	ProjectSection(ProjectDependencies) = postProject
		{3B5D5D17-477D-3DFE-8880-099E76C6AE4C} = {3B5D5D17-477D-3DFE-8880-099E76C6AE4C}
		{584C728F-9D89-3E23-B86F-145C9E3D39D9} = {584C728F-9D89-3E23-B86F-145C9E3D39D9}
	EndProjectSection
EndProject
Project("{8BC9CEB8-8B4A-11D0-8D11-00A0C91BC942}") = "open62541", "open62541.vcxproj", "{BE1BA860-BA25-34EA-B0A6-E725577BD74C}"
	ProjectSection(ProjectDependencies) = postProject
		{3B5D5D17-477D-3DFE-8880-099E76C6AE4C} = {3B5D5D17-477D-3DFE-8880-099E76C6AE4C}
		{0AC057D4-A66D-3196-A542-0090DE017496} = {0AC057D4-A66D-3196-A542-0090DE017496}
		{B9672DC2-6A36-3375-85AE-25A5CA700B07} = {B9672DC2-6A36-3375-85AE-25A5CA700B07}
	EndProjectSection
EndProject
Project("{8BC9CEB8-8B4A-11D0-8D11-00A0C91BC942}") = "open62541-code-generation", "open62541-code-generation.vcxproj", "{E695E361-A086-3964-9B46-44AE704F4170}"
	ProjectSection(ProjectDependencies) = postProject
		{3B5D5D17-477D-3DFE-8880-099E76C6AE4C} = {3B5D5D17-477D-3DFE-8880-099E76C6AE4C}
		{F9D4D4DB-485E-369B-9E66-28BC68DD7491} = {F9D4D4DB-485E-369B-9E66-28BC68DD7491}
		{7AABBE24-5CC0-3523-A129-EFEA1437822C} = {7AABBE24-5CC0-3523-A129-EFEA1437822C}
		{E7FC74AC-A884-3E0B-AB46-359017661AC0} = {E7FC74AC-A884-3E0B-AB46-359017661AC0}
		{4BF318FE-37F3-30A5-BEED-34205FAFD771} = {4BF318FE-37F3-30A5-BEED-34205FAFD771}
	EndProjectSection
EndProject
Project("{8BC9CEB8-8B4A-11D0-8D11-00A0C91BC942}") = "open62541-generator-ids-di", "examples\nodeset\open62541-generator-ids-di.vcxproj", "{D9EF17F0-B36F-3C20-8536-D6A5177B93FA}"
	ProjectSection(ProjectDependencies) = postProject
		{3B5D5D17-477D-3DFE-8880-099E76C6AE4C} = {3B5D5D17-477D-3DFE-8880-099E76C6AE4C}
	EndProjectSection
EndProject
Project("{8BC9CEB8-8B4A-11D0-8D11-00A0C91BC942}") = "open62541-generator-ids-i4aas", "examples\nodeset\open62541-generator-ids-i4aas.vcxproj", "{A7880A60-CD30-38CB-A725-11A5517F4676}"
	ProjectSection(ProjectDependencies) = postProject
		{3B5D5D17-477D-3DFE-8880-099E76C6AE4C} = {3B5D5D17-477D-3DFE-8880-099E76C6AE4C}
	EndProjectSection
EndProject
Project("{8BC9CEB8-8B4A-11D0-8D11-00A0C91BC942}") = "open62541-generator-ids-instance", "examples\nodeset\open62541-generator-ids-instance.vcxproj", "{CCF84C1E-F8CE-3A85-8E02-F907F9BE375D}"
	ProjectSection(ProjectDependencies) = postProject
		{3B5D5D17-477D-3DFE-8880-099E76C6AE4C} = {3B5D5D17-477D-3DFE-8880-099E76C6AE4C}
	EndProjectSection
EndProject
Project("{8BC9CEB8-8B4A-11D0-8D11-00A0C91BC942}") = "open62541-generator-ids-ns0", "open62541-generator-ids-ns0.vcxproj", "{BDE351EF-BCE3-3B7E-96FD-473FD624CFE8}"
	ProjectSection(ProjectDependencies) = postProject
		{3B5D5D17-477D-3DFE-8880-099E76C6AE4C} = {3B5D5D17-477D-3DFE-8880-099E76C6AE4C}
	EndProjectSection
EndProject
Project("{8BC9CEB8-8B4A-11D0-8D11-00A0C91BC942}") = "open62541-generator-ids-powerlink", "examples\nodeset\open62541-generator-ids-powerlink.vcxproj", "{A5B0F3A1-4385-355F-93BB-B281C0D99575}"
	ProjectSection(ProjectDependencies) = postProject
		{3B5D5D17-477D-3DFE-8880-099E76C6AE4C} = {3B5D5D17-477D-3DFE-8880-099E76C6AE4C}
	EndProjectSection
EndProject
Project("{8BC9CEB8-8B4A-11D0-8D11-00A0C91BC942}") = "open62541-generator-ids-testnodeset", "examples\nodeset\open62541-generator-ids-testnodeset.vcxproj", "{B6EF3B5C-5800-3F22-A543-8327D7CA43AC}"
	ProjectSection(ProjectDependencies) = postProject
		{3B5D5D17-477D-3DFE-8880-099E76C6AE4C} = {3B5D5D17-477D-3DFE-8880-099E76C6AE4C}
	EndProjectSection
EndProject
Project("{8BC9CEB8-8B4A-11D0-8D11-00A0C91BC942}") = "open62541-generator-ids_example", "examples\nodeset\open62541-generator-ids_example.vcxproj", "{BC5A4F8A-8E0E-3BF0-BB5F-25B6568B0872}"
	ProjectSection(ProjectDependencies) = postProject
		{3B5D5D17-477D-3DFE-8880-099E76C6AE4C} = {3B5D5D17-477D-3DFE-8880-099E76C6AE4C}
	EndProjectSection
EndProject
Project("{8BC9CEB8-8B4A-11D0-8D11-00A0C91BC942}") = "open62541-generator-namespace", "open62541-generator-namespace.vcxproj", "{F9D4D4DB-485E-369B-9E66-28BC68DD7491}"
	ProjectSection(ProjectDependencies) = postProject
		{3B5D5D17-477D-3DFE-8880-099E76C6AE4C} = {3B5D5D17-477D-3DFE-8880-099E76C6AE4C}
		{4BF318FE-37F3-30A5-BEED-34205FAFD771} = {4BF318FE-37F3-30A5-BEED-34205FAFD771}
	EndProjectSection
EndProject
Project("{8BC9CEB8-8B4A-11D0-8D11-00A0C91BC942}") = "open62541-generator-ns-di", "examples\nodeset\open62541-generator-ns-di.vcxproj", "{D163649B-9133-36FC-9CEE-8DCC6B00E0EE}"
	ProjectSection(ProjectDependencies) = postProject
		{3B5D5D17-477D-3DFE-8880-099E76C6AE4C} = {3B5D5D17-477D-3DFE-8880-099E76C6AE4C}
		{D9EF17F0-B36F-3C20-8536-D6A5177B93FA} = {D9EF17F0-B36F-3C20-8536-D6A5177B93FA}
		{7C649794-D6E9-30B7-B47E-2C83B700C2EF} = {7C649794-D6E9-30B7-B47E-2C83B700C2EF}
	EndProjectSection
EndProject
Project("{8BC9CEB8-8B4A-11D0-8D11-00A0C91BC942}") = "open62541-generator-ns-example", "examples\nodeset\open62541-generator-ns-example.vcxproj", "{ED41D0C0-F914-37E6-B345-AF96EF9F5F4C}"
	ProjectSection(ProjectDependencies) = postProject
		{3B5D5D17-477D-3DFE-8880-099E76C6AE4C} = {3B5D5D17-477D-3DFE-8880-099E76C6AE4C}
	EndProjectSection
EndProject
Project("{8BC9CEB8-8B4A-11D0-8D11-00A0C91BC942}") = "open62541-generator-ns-i4aas", "examples\nodeset\open62541-generator-ns-i4aas.vcxproj", "{3DE529DB-0CA6-34CE-B18D-0A7583B0BC49}"
	ProjectSection(ProjectDependencies) = postProject
		{3B5D5D17-477D-3DFE-8880-099E76C6AE4C} = {3B5D5D17-477D-3DFE-8880-099E76C6AE4C}
		{A7880A60-CD30-38CB-A725-11A5517F4676} = {A7880A60-CD30-38CB-A725-11A5517F4676}
		{D8DAB941-4AC9-3928-9D5B-4DC9E53F4C75} = {D8DAB941-4AC9-3928-9D5B-4DC9E53F4C75}
	EndProjectSection
EndProject
Project("{8BC9CEB8-8B4A-11D0-8D11-00A0C91BC942}") = "open62541-generator-ns-instance", "examples\nodeset\open62541-generator-ns-instance.vcxproj", "{4AAB9B3E-519D-3F58-8298-0B767C5FE045}"
	ProjectSection(ProjectDependencies) = postProject
		{3B5D5D17-477D-3DFE-8880-099E76C6AE4C} = {3B5D5D17-477D-3DFE-8880-099E76C6AE4C}
		{CCF84C1E-F8CE-3A85-8E02-F907F9BE375D} = {CCF84C1E-F8CE-3A85-8E02-F907F9BE375D}
		{3DE529DB-0CA6-34CE-B18D-0A7583B0BC49} = {3DE529DB-0CA6-34CE-B18D-0A7583B0BC49}
		{A2882625-841A-3284-8ED7-5B4CA3505BD7} = {A2882625-841A-3284-8ED7-5B4CA3505BD7}
	EndProjectSection
EndProject
Project("{8BC9CEB8-8B4A-11D0-8D11-00A0C91BC942}") = "open62541-generator-ns-plc", "examples\nodeset\open62541-generator-ns-plc.vcxproj", "{00A4DBD4-61F3-3B89-A1C1-12DDB5DC6BA9}"
	ProjectSection(ProjectDependencies) = postProject
		{3B5D5D17-477D-3DFE-8880-099E76C6AE4C} = {3B5D5D17-477D-3DFE-8880-099E76C6AE4C}
		{D163649B-9133-36FC-9CEE-8DCC6B00E0EE} = {D163649B-9133-36FC-9CEE-8DCC6B00E0EE}
	EndProjectSection
EndProject
Project("{8BC9CEB8-8B4A-11D0-8D11-00A0C91BC942}") = "open62541-generator-ns-powerlink", "examples\nodeset\open62541-generator-ns-powerlink.vcxproj", "{5A223A87-A503-355A-85D9-821020662699}"
	ProjectSection(ProjectDependencies) = postProject
		{3B5D5D17-477D-3DFE-8880-099E76C6AE4C} = {3B5D5D17-477D-3DFE-8880-099E76C6AE4C}
		{A5B0F3A1-4385-355F-93BB-B281C0D99575} = {A5B0F3A1-4385-355F-93BB-B281C0D99575}
		{D163649B-9133-36FC-9CEE-8DCC6B00E0EE} = {D163649B-9133-36FC-9CEE-8DCC6B00E0EE}
		{F8E7A117-404D-3C11-8CEF-F43BE08ACDE7} = {F8E7A117-404D-3C11-8CEF-F43BE08ACDE7}
	EndProjectSection
EndProject
Project("{8BC9CEB8-8B4A-11D0-8D11-00A0C91BC942}") = "open62541-generator-ns-testnodeset", "examples\nodeset\open62541-generator-ns-testnodeset.vcxproj", "{2ACAC46B-224F-3E51-A96A-6F4D7C3650A0}"
	ProjectSection(ProjectDependencies) = postProject
		{3B5D5D17-477D-3DFE-8880-099E76C6AE4C} = {3B5D5D17-477D-3DFE-8880-099E76C6AE4C}
		{B6EF3B5C-5800-3F22-A543-8327D7CA43AC} = {B6EF3B5C-5800-3F22-A543-8327D7CA43AC}
		{86AFBF6A-C8A6-315E-9C95-A6FF9D8FC3D6} = {86AFBF6A-C8A6-315E-9C95-A6FF9D8FC3D6}
	EndProjectSection
EndProject
Project("{8BC9CEB8-8B4A-11D0-8D11-00A0C91BC942}") = "open62541-generator-statuscode", "open62541-generator-statuscode.vcxproj", "{7AABBE24-5CC0-3523-A129-EFEA1437822C}"
	ProjectSection(ProjectDependencies) = postProject
		{3B5D5D17-477D-3DFE-8880-099E76C6AE4C} = {3B5D5D17-477D-3DFE-8880-099E76C6AE4C}
	EndProjectSection
EndProject
Project("{8BC9CEB8-8B4A-11D0-8D11-00A0C91BC942}") = "open62541-generator-transport", "open62541-generator-transport.vcxproj", "{E7FC74AC-A884-3E0B-AB46-359017661AC0}"
	ProjectSection(ProjectDependencies) = postProject
		{3B5D5D17-477D-3DFE-8880-099E76C6AE4C} = {3B5D5D17-477D-3DFE-8880-099E76C6AE4C}
	EndProjectSection
EndProject
Project("{8BC9CEB8-8B4A-11D0-8D11-00A0C91BC942}") = "open62541-generator-types", "open62541-generator-types.vcxproj", "{4BF318FE-37F3-30A5-BEED-34205FAFD771}"
	ProjectSection(ProjectDependencies) = postProject
		{3B5D5D17-477D-3DFE-8880-099E76C6AE4C} = {3B5D5D17-477D-3DFE-8880-099E76C6AE4C}
	EndProjectSection
EndProject
Project("{8BC9CEB8-8B4A-11D0-8D11-00A0C91BC942}") = "open62541-generator-types-di", "examples\nodeset\open62541-generator-types-di.vcxproj", "{7C649794-D6E9-30B7-B47E-2C83B700C2EF}"
	ProjectSection(ProjectDependencies) = postProject
		{3B5D5D17-477D-3DFE-8880-099E76C6AE4C} = {3B5D5D17-477D-3DFE-8880-099E76C6AE4C}
	EndProjectSection
EndProject
Project("{8BC9CEB8-8B4A-11D0-8D11-00A0C91BC942}") = "open62541-generator-types-i4aas", "examples\nodeset\open62541-generator-types-i4aas.vcxproj", "{D8DAB941-4AC9-3928-9D5B-4DC9E53F4C75}"
	ProjectSection(ProjectDependencies) = postProject
		{3B5D5D17-477D-3DFE-8880-099E76C6AE4C} = {3B5D5D17-477D-3DFE-8880-099E76C6AE4C}
	EndProjectSection
EndProject
Project("{8BC9CEB8-8B4A-11D0-8D11-00A0C91BC942}") = "open62541-generator-types-instance", "examples\nodeset\open62541-generator-types-instance.vcxproj", "{A2882625-841A-3284-8ED7-5B4CA3505BD7}"
	ProjectSection(ProjectDependencies) = postProject
		{3B5D5D17-477D-3DFE-8880-099E76C6AE4C} = {3B5D5D17-477D-3DFE-8880-099E76C6AE4C}
	EndProjectSection
EndProject
Project("{8BC9CEB8-8B4A-11D0-8D11-00A0C91BC942}") = "open62541-generator-types-powerlink", "examples\nodeset\open62541-generator-types-powerlink.vcxproj", "{F8E7A117-404D-3C11-8CEF-F43BE08ACDE7}"
	ProjectSection(ProjectDependencies) = postProject
		{3B5D5D17-477D-3DFE-8880-099E76C6AE4C} = {3B5D5D17-477D-3DFE-8880-099E76C6AE4C}
	EndProjectSection
EndProject
Project("{8BC9CEB8-8B4A-11D0-8D11-00A0C91BC942}") = "open62541-generator-types-testnodeset", "examples\nodeset\open62541-generator-types-testnodeset.vcxproj", "{86AFBF6A-C8A6-315E-9C95-A6FF9D8FC3D6}"
	ProjectSection(ProjectDependencies) = postProject
		{3B5D5D17-477D-3DFE-8880-099E76C6AE4C} = {3B5D5D17-477D-3DFE-8880-099E76C6AE4C}
	EndProjectSection
EndProject
Project("{8BC9CEB8-8B4A-11D0-8D11-00A0C91BC942}") = "open62541-object", "open62541-object.vcxproj", "{0AC057D4-A66D-3196-A542-0090DE017496}"
	ProjectSection(ProjectDependencies) = postProject
		{3B5D5D17-477D-3DFE-8880-099E76C6AE4C} = {3B5D5D17-477D-3DFE-8880-099E76C6AE4C}
		{E695E361-A086-3964-9B46-44AE704F4170} = {E695E361-A086-3964-9B46-44AE704F4170}
	EndProjectSection
EndProject
Project("{8BC9CEB8-8B4A-11D0-8D11-00A0C91BC942}") = "open62541-plugins", "open62541-plugins.vcxproj", "{B9672DC2-6A36-3375-85AE-25A5CA700B07}"
	ProjectSection(ProjectDependencies) = postProject
		{3B5D5D17-477D-3DFE-8880-099E76C6AE4C} = {3B5D5D17-477D-3DFE-8880-099E76C6AE4C}
		{F9D4D4DB-485E-369B-9E66-28BC68DD7491} = {F9D4D4DB-485E-369B-9E66-28BC68DD7491}
		{E7FC74AC-A884-3E0B-AB46-359017661AC0} = {E7FC74AC-A884-3E0B-AB46-359017661AC0}
		{4BF318FE-37F3-30A5-BEED-34205FAFD771} = {4BF318FE-37F3-30A5-BEED-34205FAFD771}
	EndProjectSection
EndProject
Project("{8BC9CEB8-8B4A-11D0-8D11-00A0C91BC942}") = "server_ctt", "examples\server_ctt.vcxproj", "{0AF8B5A6-8ED6-37AC-A22E-2D78962BDD40}"
	ProjectSection(ProjectDependencies) = postProject
		{3B5D5D17-477D-3DFE-8880-099E76C6AE4C} = {3B5D5D17-477D-3DFE-8880-099E76C6AE4C}
		{BE1BA860-BA25-34EA-B0A6-E725577BD74C} = {BE1BA860-BA25-34EA-B0A6-E725577BD74C}
	EndProjectSection
EndProject
Project("{8BC9CEB8-8B4A-11D0-8D11-00A0C91BC942}") = "server_inheritance", "examples\server_inheritance.vcxproj", "{83804A08-51C9-301A-83A8-045BB36150A8}"
	ProjectSection(ProjectDependencies) = postProject
		{3B5D5D17-477D-3DFE-8880-099E76C6AE4C} = {3B5D5D17-477D-3DFE-8880-099E76C6AE4C}
		{BE1BA860-BA25-34EA-B0A6-E725577BD74C} = {BE1BA860-BA25-34EA-B0A6-E725577BD74C}
	EndProjectSection
EndProject
Project("{8BC9CEB8-8B4A-11D0-8D11-00A0C91BC942}") = "server_instantiation", "examples\server_instantiation.vcxproj", "{57A1422C-6E59-3664-9BA4-F7C041DF1F28}"
	ProjectSection(ProjectDependencies) = postProject
		{3B5D5D17-477D-3DFE-8880-099E76C6AE4C} = {3B5D5D17-477D-3DFE-8880-099E76C6AE4C}
		{BE1BA860-BA25-34EA-B0A6-E725577BD74C} = {BE1BA860-BA25-34EA-B0A6-E725577BD74C}
	EndProjectSection
EndProject
Project("{8BC9CEB8-8B4A-11D0-8D11-00A0C91BC942}") = "server_loglevel", "examples\server_loglevel.vcxproj", "{5EB75657-8488-3458-8E55-7258A71404A2}"
	ProjectSection(ProjectDependencies) = postProject
		{3B5D5D17-477D-3DFE-8880-099E76C6AE4C} = {3B5D5D17-477D-3DFE-8880-099E76C6AE4C}
		{BE1BA860-BA25-34EA-B0A6-E725577BD74C} = {BE1BA860-BA25-34EA-B0A6-E725577BD74C}
	EndProjectSection
EndProject
Project("{8BC9CEB8-8B4A-11D0-8D11-00A0C91BC942}") = "server_mainloop", "examples\server_mainloop.vcxproj", "{6D6AAA3B-1164-33E8-8E0D-FCBEAD811196}"
	ProjectSection(ProjectDependencies) = postProject
		{3B5D5D17-477D-3DFE-8880-099E76C6AE4C} = {3B5D5D17-477D-3DFE-8880-099E76C6AE4C}
		{BE1BA860-BA25-34EA-B0A6-E725577BD74C} = {BE1BA860-BA25-34EA-B0A6-E725577BD74C}
	EndProjectSection
EndProject
Project("{8BC9CEB8-8B4A-11D0-8D11-00A0C91BC942}") = "server_nodeset", "examples\nodeset\server_nodeset.vcxproj", "{930F6F72-A872-3A9E-8EBB-C7E17AA6E2AE}"
	ProjectSection(ProjectDependencies) = postProject
		{3B5D5D17-477D-3DFE-8880-099E76C6AE4C} = {3B5D5D17-477D-3DFE-8880-099E76C6AE4C}
		{BE1BA860-BA25-34EA-B0A6-E725577BD74C} = {BE1BA860-BA25-34EA-B0A6-E725577BD74C}
	EndProjectSection
EndProject
Project("{8BC9CEB8-8B4A-11D0-8D11-00A0C91BC942}") = "server_nodeset_plcopen", "examples\nodeset\server_nodeset_plcopen.vcxproj", "{FFD9188D-458A-3289-987C-1D8562DC7894}"
	ProjectSection(ProjectDependencies) = postProject
		{3B5D5D17-477D-3DFE-8880-099E76C6AE4C} = {3B5D5D17-477D-3DFE-8880-099E76C6AE4C}
		{BE1BA860-BA25-34EA-B0A6-E725577BD74C} = {BE1BA860-BA25-34EA-B0A6-E725577BD74C}
		{00A4DBD4-61F3-3B89-A1C1-12DDB5DC6BA9} = {00A4DBD4-61F3-3B89-A1C1-12DDB5DC6BA9}
	EndProjectSection
EndProject
Project("{8BC9CEB8-8B4A-11D0-8D11-00A0C91BC942}") = "server_nodeset_powerlink", "examples\nodeset\server_nodeset_powerlink.vcxproj", "{5DA7A394-18D2-3C42-A14F-FA1D4507A0A3}"
	ProjectSection(ProjectDependencies) = postProject
		{3B5D5D17-477D-3DFE-8880-099E76C6AE4C} = {3B5D5D17-477D-3DFE-8880-099E76C6AE4C}
		{BE1BA860-BA25-34EA-B0A6-E725577BD74C} = {BE1BA860-BA25-34EA-B0A6-E725577BD74C}
		{5A223A87-A503-355A-85D9-821020662699} = {5A223A87-A503-355A-85D9-821020662699}
	EndProjectSection
EndProject
Project("{8BC9CEB8-8B4A-11D0-8D11-00A0C91BC942}") = "server_repeated_job", "examples\server_repeated_job.vcxproj", "{CFED61E6-163E-3C2D-8D3D-07D3497DF65F}"
	ProjectSection(ProjectDependencies) = postProject
		{3B5D5D17-477D-3DFE-8880-099E76C6AE4C} = {3B5D5D17-477D-3DFE-8880-099E76C6AE4C}
		{BE1BA860-BA25-34EA-B0A6-E725577BD74C} = {BE1BA860-BA25-34EA-B0A6-E725577BD74C}
	EndProjectSection
EndProject
Project("{8BC9CEB8-8B4A-11D0-8D11-00A0C91BC942}") = "server_settimestamp", "examples\server_settimestamp.vcxproj", "{86936851-8126-3702-8496-6B39EF5CD98A}"
	ProjectSection(ProjectDependencies) = postProject
		{3B5D5D17-477D-3DFE-8880-099E76C6AE4C} = {3B5D5D17-477D-3DFE-8880-099E76C6AE4C}
		{BE1BA860-BA25-34EA-B0A6-E725577BD74C} = {BE1BA860-BA25-34EA-B0A6-E725577BD74C}
	EndProjectSection
EndProject
Project("{8BC9CEB8-8B4A-11D0-8D11-00A0C91BC942}") = "server_testnodeset", "examples\nodeset\server_testnodeset.vcxproj", "{8B4230BA-FE53-39B7-892B-AB91BF733720}"
	ProjectSection(ProjectDependencies) = postProject
		{3B5D5D17-477D-3DFE-8880-099E76C6AE4C} = {3B5D5D17-477D-3DFE-8880-099E76C6AE4C}
		{BE1BA860-BA25-34EA-B0A6-E725577BD74C} = {BE1BA860-BA25-34EA-B0A6-E725577BD74C}
		{2ACAC46B-224F-3E51-A96A-6F4D7C3650A0} = {2ACAC46B-224F-3E51-A96A-6F4D7C3650A0}
	EndProjectSection
EndProject
Project("{8BC9CEB8-8B4A-11D0-8D11-00A0C91BC942}") = "tutorial_client_events", "examples\tutorial_client_events.vcxproj", "{22A21F46-C915-3E43-AC7E-8F9A821B9785}"
	ProjectSection(ProjectDependencies) = postProject
		{3B5D5D17-477D-3DFE-8880-099E76C6AE4C} = {3B5D5D17-477D-3DFE-8880-099E76C6AE4C}
		{BE1BA860-BA25-34EA-B0A6-E725577BD74C} = {BE1BA860-BA25-34EA-B0A6-E725577BD74C}
	EndProjectSection
EndProject
Project("{8BC9CEB8-8B4A-11D0-8D11-00A0C91BC942}") = "tutorial_client_firststeps", "examples\tutorial_client_firststeps.vcxproj", "{1AD2860F-500C-3732-B884-D72823A72881}"
	ProjectSection(ProjectDependencies) = postProject
		{3B5D5D17-477D-3DFE-8880-099E76C6AE4C} = {3B5D5D17-477D-3DFE-8880-099E76C6AE4C}
		{BE1BA860-BA25-34EA-B0A6-E725577BD74C} = {BE1BA860-BA25-34EA-B0A6-E725577BD74C}
	EndProjectSection
EndProject
Project("{8BC9CEB8-8B4A-11D0-8D11-00A0C91BC942}") = "tutorial_datatypes", "examples\tutorial_datatypes.vcxproj", "{8523A3F7-6CEA-3CD9-AFC2-51AB37C848C4}"
	ProjectSection(ProjectDependencies) = postProject
		{3B5D5D17-477D-3DFE-8880-099E76C6AE4C} = {3B5D5D17-477D-3DFE-8880-099E76C6AE4C}
		{BE1BA860-BA25-34EA-B0A6-E725577BD74C} = {BE1BA860-BA25-34EA-B0A6-E725577BD74C}
	EndProjectSection
EndProject
Project("{8BC9CEB8-8B4A-11D0-8D11-00A0C91BC942}") = "tutorial_server_datasource", "examples\tutorial_server_datasource.vcxproj", "{9F570507-12B3-3E04-92AA-D77503572C0F}"
	ProjectSection(ProjectDependencies) = postProject
		{3B5D5D17-477D-3DFE-8880-099E76C6AE4C} = {3B5D5D17-477D-3DFE-8880-099E76C6AE4C}
		{BE1BA860-BA25-34EA-B0A6-E725577BD74C} = {BE1BA860-BA25-34EA-B0A6-E725577BD74C}
	EndProjectSection
EndProject
Project("{8BC9CEB8-8B4A-11D0-8D11-00A0C91BC942}") = "tutorial_server_firststeps", "examples\tutorial_server_firststeps.vcxproj", "{ABC29E6E-BEAA-3A4D-98F6-0ADF6FFE69A0}"
	ProjectSection(ProjectDependencies) = postProject
		{3B5D5D17-477D-3DFE-8880-099E76C6AE4C} = {3B5D5D17-477D-3DFE-8880-099E76C6AE4C}
		{BE1BA860-BA25-34EA-B0A6-E725577BD74C} = {BE1BA860-BA25-34EA-B0A6-E725577BD74C}
	EndProjectSection
EndProject
Project("{8BC9CEB8-8B4A-11D0-8D11-00A0C91BC942}") = "tutorial_server_method", "examples\tutorial_server_method.vcxproj", "{8FC690A9-61A3-3BC8-9C4C-58C8A46B7962}"
	ProjectSection(ProjectDependencies) = postProject
		{3B5D5D17-477D-3DFE-8880-099E76C6AE4C} = {3B5D5D17-477D-3DFE-8880-099E76C6AE4C}
		{BE1BA860-BA25-34EA-B0A6-E725577BD74C} = {BE1BA860-BA25-34EA-B0A6-E725577BD74C}
	EndProjectSection
EndProject
Project("{8BC9CEB8-8B4A-11D0-8D11-00A0C91BC942}") = "tutorial_server_monitoreditems", "examples\tutorial_server_monitoreditems.vcxproj", "{9A8CCE61-E551-3CDF-9E4A-69562BA4D144}"
	ProjectSection(ProjectDependencies) = postProject
		{3B5D5D17-477D-3DFE-8880-099E76C6AE4C} = {3B5D5D17-477D-3DFE-8880-099E76C6AE4C}
		{BE1BA860-BA25-34EA-B0A6-E725577BD74C} = {BE1BA860-BA25-34EA-B0A6-E725577BD74C}
	EndProjectSection
EndProject
Project("{8BC9CEB8-8B4A-11D0-8D11-00A0C91BC942}") = "tutorial_server_object", "examples\tutorial_server_object.vcxproj", "{39524127-943D-399A-BFBA-FAC9CF61F8D1}"
	ProjectSection(ProjectDependencies) = postProject
		{3B5D5D17-477D-3DFE-8880-099E76C6AE4C} = {3B5D5D17-477D-3DFE-8880-099E76C6AE4C}
		{BE1BA860-BA25-34EA-B0A6-E725577BD74C} = {BE1BA860-BA25-34EA-B0A6-E725577BD74C}
	EndProjectSection
EndProject
Project("{8BC9CEB8-8B4A-11D0-8D11-00A0C91BC942}") = "tutorial_server_variable", "examples\tutorial_server_variable.vcxproj", "{002199C5-CAB9-3ECF-B2B6-D858665CC772}"
	ProjectSection(ProjectDependencies) = postProject
		{3B5D5D17-477D-3DFE-8880-099E76C6AE4C} = {3B5D5D17-477D-3DFE-8880-099E76C6AE4C}
		{BE1BA860-BA25-34EA-B0A6-E725577BD74C} = {BE1BA860-BA25-34EA-B0A6-E725577BD74C}
	EndProjectSection
EndProject
Project("{8BC9CEB8-8B4A-11D0-8D11-00A0C91BC942}") = "tutorial_server_variabletype", "examples\tutorial_server_variabletype.vcxproj", "{9990EF14-CFDC-369B-A7D3-B3D61CBB942D}"
	ProjectSection(ProjectDependencies) = postProject
		{3B5D5D17-477D-3DFE-8880-099E76C6AE4C} = {3B5D5D17-477D-3DFE-8880-099E76C6AE4C}
		{BE1BA860-BA25-34EA-B0A6-E725577BD74C} = {BE1BA860-BA25-34EA-B0A6-E725577BD74C}
	EndProjectSection
EndProject
Global
	GlobalSection(SolutionConfigurationPlatforms) = preSolution
		Debug|Win32 = Debug|Win32
		Release|Win32 = Release|Win32
		MinSizeRel|Win32 = MinSizeRel|Win32
		RelWithDebInfo|Win32 = RelWithDebInfo|Win32
	EndGlobalSection
	GlobalSection(ProjectConfigurationPlatforms) = postSolution
		{77E26A10-ED8A-388B-978B-6BACAB0EE90A}.Debug|Win32.ActiveCfg = Debug|Win32
		{77E26A10-ED8A-388B-978B-6BACAB0EE90A}.Debug|Win32.Build.0 = Debug|Win32
		{77E26A10-ED8A-388B-978B-6BACAB0EE90A}.Release|Win32.ActiveCfg = Release|Win32
		{77E26A10-ED8A-388B-978B-6BACAB0EE90A}.Release|Win32.Build.0 = Release|Win32
		{77E26A10-ED8A-388B-978B-6BACAB0EE90A}.MinSizeRel|Win32.ActiveCfg = MinSizeRel|Win32
		{77E26A10-ED8A-388B-978B-6BACAB0EE90A}.MinSizeRel|Win32.Build.0 = MinSizeRel|Win32
		{77E26A10-ED8A-388B-978B-6BACAB0EE90A}.RelWithDebInfo|Win32.ActiveCfg = RelWithDebInfo|Win32
		{77E26A10-ED8A-388B-978B-6BACAB0EE90A}.RelWithDebInfo|Win32.Build.0 = RelWithDebInfo|Win32
		{58F99ABC-A7A3-3F0A-9C3E-A6E1F9D23657}.Debug|Win32.ActiveCfg = Debug|Win32
		{58F99ABC-A7A3-3F0A-9C3E-A6E1F9D23657}.Release|Win32.ActiveCfg = Release|Win32
		{58F99ABC-A7A3-3F0A-9C3E-A6E1F9D23657}.MinSizeRel|Win32.ActiveCfg = MinSizeRel|Win32
		{58F99ABC-A7A3-3F0A-9C3E-A6E1F9D23657}.RelWithDebInfo|Win32.ActiveCfg = RelWithDebInfo|Win32
		{B17FAFE3-4D46-38B8-BE36-64C4957163DC}.Debug|Win32.ActiveCfg = Debug|Win32
		{B17FAFE3-4D46-38B8-BE36-64C4957163DC}.Release|Win32.ActiveCfg = Release|Win32
		{B17FAFE3-4D46-38B8-BE36-64C4957163DC}.MinSizeRel|Win32.ActiveCfg = MinSizeRel|Win32
		{B17FAFE3-4D46-38B8-BE36-64C4957163DC}.RelWithDebInfo|Win32.ActiveCfg = RelWithDebInfo|Win32
		{3B5D5D17-477D-3DFE-8880-099E76C6AE4C}.Debug|Win32.ActiveCfg = Debug|Win32
		{3B5D5D17-477D-3DFE-8880-099E76C6AE4C}.Debug|Win32.Build.0 = Debug|Win32
		{3B5D5D17-477D-3DFE-8880-099E76C6AE4C}.Release|Win32.ActiveCfg = Release|Win32
		{3B5D5D17-477D-3DFE-8880-099E76C6AE4C}.Release|Win32.Build.0 = Release|Win32
		{3B5D5D17-477D-3DFE-8880-099E76C6AE4C}.MinSizeRel|Win32.ActiveCfg = MinSizeRel|Win32
		{3B5D5D17-477D-3DFE-8880-099E76C6AE4C}.MinSizeRel|Win32.Build.0 = MinSizeRel|Win32
		{3B5D5D17-477D-3DFE-8880-099E76C6AE4C}.RelWithDebInfo|Win32.ActiveCfg = RelWithDebInfo|Win32
		{3B5D5D17-477D-3DFE-8880-099E76C6AE4C}.RelWithDebInfo|Win32.Build.0 = RelWithDebInfo|Win32
		{EA559AE1-9EBD-3D1E-A605-E6CE065382B5}.Debug|Win32.ActiveCfg = Debug|Win32
		{EA559AE1-9EBD-3D1E-A605-E6CE065382B5}.Debug|Win32.Build.0 = Debug|Win32
		{EA559AE1-9EBD-3D1E-A605-E6CE065382B5}.Release|Win32.ActiveCfg = Release|Win32
		{EA559AE1-9EBD-3D1E-A605-E6CE065382B5}.Release|Win32.Build.0 = Release|Win32
		{EA559AE1-9EBD-3D1E-A605-E6CE065382B5}.MinSizeRel|Win32.ActiveCfg = MinSizeRel|Win32
		{EA559AE1-9EBD-3D1E-A605-E6CE065382B5}.MinSizeRel|Win32.Build.0 = MinSizeRel|Win32
		{EA559AE1-9EBD-3D1E-A605-E6CE065382B5}.RelWithDebInfo|Win32.ActiveCfg = RelWithDebInfo|Win32
		{EA559AE1-9EBD-3D1E-A605-E6CE065382B5}.RelWithDebInfo|Win32.Build.0 = RelWithDebInfo|Win32
		{D1ED05DA-5BBF-3601-928F-176F761D0A08}.Debug|Win32.ActiveCfg = Debug|Win32
		{D1ED05DA-5BBF-3601-928F-176F761D0A08}.Debug|Win32.Build.0 = Debug|Win32
		{D1ED05DA-5BBF-3601-928F-176F761D0A08}.Release|Win32.ActiveCfg = Release|Win32
		{D1ED05DA-5BBF-3601-928F-176F761D0A08}.Release|Win32.Build.0 = Release|Win32
		{D1ED05DA-5BBF-3601-928F-176F761D0A08}.MinSizeRel|Win32.ActiveCfg = MinSizeRel|Win32
		{D1ED05DA-5BBF-3601-928F-176F761D0A08}.MinSizeRel|Win32.Build.0 = MinSizeRel|Win32
		{D1ED05DA-5BBF-3601-928F-176F761D0A08}.RelWithDebInfo|Win32.ActiveCfg = RelWithDebInfo|Win32
		{D1ED05DA-5BBF-3601-928F-176F761D0A08}.RelWithDebInfo|Win32.Build.0 = RelWithDebInfo|Win32
		{D7DCF325-C943-38E8-A648-638D2F04CCD0}.Debug|Win32.ActiveCfg = Debug|Win32
		{D7DCF325-C943-38E8-A648-638D2F04CCD0}.Release|Win32.ActiveCfg = Release|Win32
		{D7DCF325-C943-38E8-A648-638D2F04CCD0}.MinSizeRel|Win32.ActiveCfg = MinSizeRel|Win32
		{D7DCF325-C943-38E8-A648-638D2F04CCD0}.RelWithDebInfo|Win32.ActiveCfg = RelWithDebInfo|Win32
		{E79E12DE-1516-3678-AB8D-749D6365C130}.Debug|Win32.ActiveCfg = Debug|Win32
		{E79E12DE-1516-3678-AB8D-749D6365C130}.Debug|Win32.Build.0 = Debug|Win32
		{E79E12DE-1516-3678-AB8D-749D6365C130}.Release|Win32.ActiveCfg = Release|Win32
		{E79E12DE-1516-3678-AB8D-749D6365C130}.Release|Win32.Build.0 = Release|Win32
		{E79E12DE-1516-3678-AB8D-749D6365C130}.MinSizeRel|Win32.ActiveCfg = MinSizeRel|Win32
		{E79E12DE-1516-3678-AB8D-749D6365C130}.MinSizeRel|Win32.Build.0 = MinSizeRel|Win32
		{E79E12DE-1516-3678-AB8D-749D6365C130}.RelWithDebInfo|Win32.ActiveCfg = RelWithDebInfo|Win32
		{E79E12DE-1516-3678-AB8D-749D6365C130}.RelWithDebInfo|Win32.Build.0 = RelWithDebInfo|Win32
		{9E7EF9E2-7DF4-3A0A-8E58-14452271E533}.Debug|Win32.ActiveCfg = Debug|Win32
		{9E7EF9E2-7DF4-3A0A-8E58-14452271E533}.Debug|Win32.Build.0 = Debug|Win32
		{9E7EF9E2-7DF4-3A0A-8E58-14452271E533}.Release|Win32.ActiveCfg = Release|Win32
		{9E7EF9E2-7DF4-3A0A-8E58-14452271E533}.Release|Win32.Build.0 = Release|Win32
		{9E7EF9E2-7DF4-3A0A-8E58-14452271E533}.MinSizeRel|Win32.ActiveCfg = MinSizeRel|Win32
		{9E7EF9E2-7DF4-3A0A-8E58-14452271E533}.MinSizeRel|Win32.Build.0 = MinSizeRel|Win32
		{9E7EF9E2-7DF4-3A0A-8E58-14452271E533}.RelWithDebInfo|Win32.ActiveCfg = RelWithDebInfo|Win32
		{9E7EF9E2-7DF4-3A0A-8E58-14452271E533}.RelWithDebInfo|Win32.Build.0 = RelWithDebInfo|Win32
		{FD81CD60-C5B6-341C-81E8-0C59532AB3B3}.Debug|Win32.ActiveCfg = Debug|Win32
		{FD81CD60-C5B6-341C-81E8-0C59532AB3B3}.Debug|Win32.Build.0 = Debug|Win32
		{FD81CD60-C5B6-341C-81E8-0C59532AB3B3}.Release|Win32.ActiveCfg = Release|Win32
		{FD81CD60-C5B6-341C-81E8-0C59532AB3B3}.Release|Win32.Build.0 = Release|Win32
		{FD81CD60-C5B6-341C-81E8-0C59532AB3B3}.MinSizeRel|Win32.ActiveCfg = MinSizeRel|Win32
		{FD81CD60-C5B6-341C-81E8-0C59532AB3B3}.MinSizeRel|Win32.Build.0 = MinSizeRel|Win32
		{FD81CD60-C5B6-341C-81E8-0C59532AB3B3}.RelWithDebInfo|Win32.ActiveCfg = RelWithDebInfo|Win32
		{FD81CD60-C5B6-341C-81E8-0C59532AB3B3}.RelWithDebInfo|Win32.Build.0 = RelWithDebInfo|Win32
		{C398C84B-1281-3663-A672-69CFE177080D}.Debug|Win32.ActiveCfg = Debug|Win32
		{C398C84B-1281-3663-A672-69CFE177080D}.Debug|Win32.Build.0 = Debug|Win32
		{C398C84B-1281-3663-A672-69CFE177080D}.Release|Win32.ActiveCfg = Release|Win32
		{C398C84B-1281-3663-A672-69CFE177080D}.Release|Win32.Build.0 = Release|Win32
		{C398C84B-1281-3663-A672-69CFE177080D}.MinSizeRel|Win32.ActiveCfg = MinSizeRel|Win32
		{C398C84B-1281-3663-A672-69CFE177080D}.MinSizeRel|Win32.Build.0 = MinSizeRel|Win32
		{C398C84B-1281-3663-A672-69CFE177080D}.RelWithDebInfo|Win32.ActiveCfg = RelWithDebInfo|Win32
		{C398C84B-1281-3663-A672-69CFE177080D}.RelWithDebInfo|Win32.Build.0 = RelWithDebInfo|Win32
		{18DD292D-C71A-38B9-BE02-AA1416564719}.Debug|Win32.ActiveCfg = Debug|Win32
		{18DD292D-C71A-38B9-BE02-AA1416564719}.Debug|Win32.Build.0 = Debug|Win32
		{18DD292D-C71A-38B9-BE02-AA1416564719}.Release|Win32.ActiveCfg = Release|Win32
		{18DD292D-C71A-38B9-BE02-AA1416564719}.Release|Win32.Build.0 = Release|Win32
		{18DD292D-C71A-38B9-BE02-AA1416564719}.MinSizeRel|Win32.ActiveCfg = MinSizeRel|Win32
		{18DD292D-C71A-38B9-BE02-AA1416564719}.MinSizeRel|Win32.Build.0 = MinSizeRel|Win32
		{18DD292D-C71A-38B9-BE02-AA1416564719}.RelWithDebInfo|Win32.ActiveCfg = RelWithDebInfo|Win32
		{18DD292D-C71A-38B9-BE02-AA1416564719}.RelWithDebInfo|Win32.Build.0 = RelWithDebInfo|Win32
		{0A681781-EB0E-3233-9CA8-5B4B62556A43}.Debug|Win32.ActiveCfg = Debug|Win32
		{0A681781-EB0E-3233-9CA8-5B4B62556A43}.Debug|Win32.Build.0 = Debug|Win32
		{0A681781-EB0E-3233-9CA8-5B4B62556A43}.Release|Win32.ActiveCfg = Release|Win32
		{0A681781-EB0E-3233-9CA8-5B4B62556A43}.Release|Win32.Build.0 = Release|Win32
		{0A681781-EB0E-3233-9CA8-5B4B62556A43}.MinSizeRel|Win32.ActiveCfg = MinSizeRel|Win32
		{0A681781-EB0E-3233-9CA8-5B4B62556A43}.MinSizeRel|Win32.Build.0 = MinSizeRel|Win32
		{0A681781-EB0E-3233-9CA8-5B4B62556A43}.RelWithDebInfo|Win32.ActiveCfg = RelWithDebInfo|Win32
		{0A681781-EB0E-3233-9CA8-5B4B62556A43}.RelWithDebInfo|Win32.Build.0 = RelWithDebInfo|Win32
		{232E25EB-11B3-3C15-9C09-1E81237CBDFC}.Debug|Win32.ActiveCfg = Debug|Win32
		{232E25EB-11B3-3C15-9C09-1E81237CBDFC}.Release|Win32.ActiveCfg = Release|Win32
		{232E25EB-11B3-3C15-9C09-1E81237CBDFC}.MinSizeRel|Win32.ActiveCfg = MinSizeRel|Win32
		{232E25EB-11B3-3C15-9C09-1E81237CBDFC}.RelWithDebInfo|Win32.ActiveCfg = RelWithDebInfo|Win32
		{0E99946D-57A8-3A55-8214-41CC822032C5}.Debug|Win32.ActiveCfg = Debug|Win32
		{0E99946D-57A8-3A55-8214-41CC822032C5}.Debug|Win32.Build.0 = Debug|Win32
		{0E99946D-57A8-3A55-8214-41CC822032C5}.Release|Win32.ActiveCfg = Release|Win32
		{0E99946D-57A8-3A55-8214-41CC822032C5}.Release|Win32.Build.0 = Release|Win32
		{0E99946D-57A8-3A55-8214-41CC822032C5}.MinSizeRel|Win32.ActiveCfg = MinSizeRel|Win32
		{0E99946D-57A8-3A55-8214-41CC822032C5}.MinSizeRel|Win32.Build.0 = MinSizeRel|Win32
		{0E99946D-57A8-3A55-8214-41CC822032C5}.RelWithDebInfo|Win32.ActiveCfg = RelWithDebInfo|Win32
		{0E99946D-57A8-3A55-8214-41CC822032C5}.RelWithDebInfo|Win32.Build.0 = RelWithDebInfo|Win32
		{AD5D309F-74F8-34A9-83C2-21AF4CF389D7}.Debug|Win32.ActiveCfg = Debug|Win32
		{AD5D309F-74F8-34A9-83C2-21AF4CF389D7}.Debug|Win32.Build.0 = Debug|Win32
		{AD5D309F-74F8-34A9-83C2-21AF4CF389D7}.Release|Win32.ActiveCfg = Release|Win32
		{AD5D309F-74F8-34A9-83C2-21AF4CF389D7}.Release|Win32.Build.0 = Release|Win32
		{AD5D309F-74F8-34A9-83C2-21AF4CF389D7}.MinSizeRel|Win32.ActiveCfg = MinSizeRel|Win32
		{AD5D309F-74F8-34A9-83C2-21AF4CF389D7}.MinSizeRel|Win32.Build.0 = MinSizeRel|Win32
		{AD5D309F-74F8-34A9-83C2-21AF4CF389D7}.RelWithDebInfo|Win32.ActiveCfg = RelWithDebInfo|Win32
		{AD5D309F-74F8-34A9-83C2-21AF4CF389D7}.RelWithDebInfo|Win32.Build.0 = RelWithDebInfo|Win32
		{F6AF84D7-2216-334E-A0CF-E5F33700E7CE}.Debug|Win32.ActiveCfg = Debug|Win32
		{F6AF84D7-2216-334E-A0CF-E5F33700E7CE}.Release|Win32.ActiveCfg = Release|Win32
		{F6AF84D7-2216-334E-A0CF-E5F33700E7CE}.MinSizeRel|Win32.ActiveCfg = MinSizeRel|Win32
		{F6AF84D7-2216-334E-A0CF-E5F33700E7CE}.RelWithDebInfo|Win32.ActiveCfg = RelWithDebInfo|Win32
		{584C728F-9D89-3E23-B86F-145C9E3D39D9}.Debug|Win32.ActiveCfg = Debug|Win32
		{584C728F-9D89-3E23-B86F-145C9E3D39D9}.Release|Win32.ActiveCfg = Release|Win32
		{584C728F-9D89-3E23-B86F-145C9E3D39D9}.MinSizeRel|Win32.ActiveCfg = MinSizeRel|Win32
		{584C728F-9D89-3E23-B86F-145C9E3D39D9}.RelWithDebInfo|Win32.ActiveCfg = RelWithDebInfo|Win32
		{55BD9571-54CA-3F62-8530-ED8026AB8671}.Debug|Win32.ActiveCfg = Debug|Win32
		{55BD9571-54CA-3F62-8530-ED8026AB8671}.Release|Win32.ActiveCfg = Release|Win32
		{55BD9571-54CA-3F62-8530-ED8026AB8671}.MinSizeRel|Win32.ActiveCfg = MinSizeRel|Win32
		{55BD9571-54CA-3F62-8530-ED8026AB8671}.RelWithDebInfo|Win32.ActiveCfg = RelWithDebInfo|Win32
		{BE1BA860-BA25-34EA-B0A6-E725577BD74C}.Debug|Win32.ActiveCfg = Debug|Win32
		{BE1BA860-BA25-34EA-B0A6-E725577BD74C}.Debug|Win32.Build.0 = Debug|Win32
		{BE1BA860-BA25-34EA-B0A6-E725577BD74C}.Release|Win32.ActiveCfg = Release|Win32
		{BE1BA860-BA25-34EA-B0A6-E725577BD74C}.Release|Win32.Build.0 = Release|Win32
		{BE1BA860-BA25-34EA-B0A6-E725577BD74C}.MinSizeRel|Win32.ActiveCfg = MinSizeRel|Win32
		{BE1BA860-BA25-34EA-B0A6-E725577BD74C}.MinSizeRel|Win32.Build.0 = MinSizeRel|Win32
		{BE1BA860-BA25-34EA-B0A6-E725577BD74C}.RelWithDebInfo|Win32.ActiveCfg = RelWithDebInfo|Win32
		{BE1BA860-BA25-34EA-B0A6-E725577BD74C}.RelWithDebInfo|Win32.Build.0 = RelWithDebInfo|Win32
		{E695E361-A086-3964-9B46-44AE704F4170}.Debug|Win32.ActiveCfg = Debug|Win32
		{E695E361-A086-3964-9B46-44AE704F4170}.Debug|Win32.Build.0 = Debug|Win32
		{E695E361-A086-3964-9B46-44AE704F4170}.Release|Win32.ActiveCfg = Release|Win32
		{E695E361-A086-3964-9B46-44AE704F4170}.Release|Win32.Build.0 = Release|Win32
		{E695E361-A086-3964-9B46-44AE704F4170}.MinSizeRel|Win32.ActiveCfg = MinSizeRel|Win32
		{E695E361-A086-3964-9B46-44AE704F4170}.MinSizeRel|Win32.Build.0 = MinSizeRel|Win32
		{E695E361-A086-3964-9B46-44AE704F4170}.RelWithDebInfo|Win32.ActiveCfg = RelWithDebInfo|Win32
		{E695E361-A086-3964-9B46-44AE704F4170}.RelWithDebInfo|Win32.Build.0 = RelWithDebInfo|Win32
		{D9EF17F0-B36F-3C20-8536-D6A5177B93FA}.Debug|Win32.ActiveCfg = Debug|Win32
		{D9EF17F0-B36F-3C20-8536-D6A5177B93FA}.Debug|Win32.Build.0 = Debug|Win32
		{D9EF17F0-B36F-3C20-8536-D6A5177B93FA}.Release|Win32.ActiveCfg = Release|Win32
		{D9EF17F0-B36F-3C20-8536-D6A5177B93FA}.Release|Win32.Build.0 = Release|Win32
		{D9EF17F0-B36F-3C20-8536-D6A5177B93FA}.MinSizeRel|Win32.ActiveCfg = MinSizeRel|Win32
		{D9EF17F0-B36F-3C20-8536-D6A5177B93FA}.MinSizeRel|Win32.Build.0 = MinSizeRel|Win32
		{D9EF17F0-B36F-3C20-8536-D6A5177B93FA}.RelWithDebInfo|Win32.ActiveCfg = RelWithDebInfo|Win32
		{D9EF17F0-B36F-3C20-8536-D6A5177B93FA}.RelWithDebInfo|Win32.Build.0 = RelWithDebInfo|Win32
		{A7880A60-CD30-38CB-A725-11A5517F4676}.Debug|Win32.ActiveCfg = Debug|Win32
		{A7880A60-CD30-38CB-A725-11A5517F4676}.Debug|Win32.Build.0 = Debug|Win32
		{A7880A60-CD30-38CB-A725-11A5517F4676}.Release|Win32.ActiveCfg = Release|Win32
		{A7880A60-CD30-38CB-A725-11A5517F4676}.Release|Win32.Build.0 = Release|Win32
		{A7880A60-CD30-38CB-A725-11A5517F4676}.MinSizeRel|Win32.ActiveCfg = MinSizeRel|Win32
		{A7880A60-CD30-38CB-A725-11A5517F4676}.MinSizeRel|Win32.Build.0 = MinSizeRel|Win32
		{A7880A60-CD30-38CB-A725-11A5517F4676}.RelWithDebInfo|Win32.ActiveCfg = RelWithDebInfo|Win32
		{A7880A60-CD30-38CB-A725-11A5517F4676}.RelWithDebInfo|Win32.Build.0 = RelWithDebInfo|Win32
		{CCF84C1E-F8CE-3A85-8E02-F907F9BE375D}.Debug|Win32.ActiveCfg = Debug|Win32
		{CCF84C1E-F8CE-3A85-8E02-F907F9BE375D}.Debug|Win32.Build.0 = Debug|Win32
		{CCF84C1E-F8CE-3A85-8E02-F907F9BE375D}.Release|Win32.ActiveCfg = Release|Win32
		{CCF84C1E-F8CE-3A85-8E02-F907F9BE375D}.Release|Win32.Build.0 = Release|Win32
		{CCF84C1E-F8CE-3A85-8E02-F907F9BE375D}.MinSizeRel|Win32.ActiveCfg = MinSizeRel|Win32
		{CCF84C1E-F8CE-3A85-8E02-F907F9BE375D}.MinSizeRel|Win32.Build.0 = MinSizeRel|Win32
		{CCF84C1E-F8CE-3A85-8E02-F907F9BE375D}.RelWithDebInfo|Win32.ActiveCfg = RelWithDebInfo|Win32
		{CCF84C1E-F8CE-3A85-8E02-F907F9BE375D}.RelWithDebInfo|Win32.Build.0 = RelWithDebInfo|Win32
		{BDE351EF-BCE3-3B7E-96FD-473FD624CFE8}.Debug|Win32.ActiveCfg = Debug|Win32
		{BDE351EF-BCE3-3B7E-96FD-473FD624CFE8}.Release|Win32.ActiveCfg = Release|Win32
		{BDE351EF-BCE3-3B7E-96FD-473FD624CFE8}.MinSizeRel|Win32.ActiveCfg = MinSizeRel|Win32
		{BDE351EF-BCE3-3B7E-96FD-473FD624CFE8}.RelWithDebInfo|Win32.ActiveCfg = RelWithDebInfo|Win32
		{A5B0F3A1-4385-355F-93BB-B281C0D99575}.Debug|Win32.ActiveCfg = Debug|Win32
		{A5B0F3A1-4385-355F-93BB-B281C0D99575}.Debug|Win32.Build.0 = Debug|Win32
		{A5B0F3A1-4385-355F-93BB-B281C0D99575}.Release|Win32.ActiveCfg = Release|Win32
		{A5B0F3A1-4385-355F-93BB-B281C0D99575}.Release|Win32.Build.0 = Release|Win32
		{A5B0F3A1-4385-355F-93BB-B281C0D99575}.MinSizeRel|Win32.ActiveCfg = MinSizeRel|Win32
		{A5B0F3A1-4385-355F-93BB-B281C0D99575}.MinSizeRel|Win32.Build.0 = MinSizeRel|Win32
		{A5B0F3A1-4385-355F-93BB-B281C0D99575}.RelWithDebInfo|Win32.ActiveCfg = RelWithDebInfo|Win32
		{A5B0F3A1-4385-355F-93BB-B281C0D99575}.RelWithDebInfo|Win32.Build.0 = RelWithDebInfo|Win32
		{B6EF3B5C-5800-3F22-A543-8327D7CA43AC}.Debug|Win32.ActiveCfg = Debug|Win32
		{B6EF3B5C-5800-3F22-A543-8327D7CA43AC}.Debug|Win32.Build.0 = Debug|Win32
		{B6EF3B5C-5800-3F22-A543-8327D7CA43AC}.Release|Win32.ActiveCfg = Release|Win32
		{B6EF3B5C-5800-3F22-A543-8327D7CA43AC}.Release|Win32.Build.0 = Release|Win32
		{B6EF3B5C-5800-3F22-A543-8327D7CA43AC}.MinSizeRel|Win32.ActiveCfg = MinSizeRel|Win32
		{B6EF3B5C-5800-3F22-A543-8327D7CA43AC}.MinSizeRel|Win32.Build.0 = MinSizeRel|Win32
		{B6EF3B5C-5800-3F22-A543-8327D7CA43AC}.RelWithDebInfo|Win32.ActiveCfg = RelWithDebInfo|Win32
		{B6EF3B5C-5800-3F22-A543-8327D7CA43AC}.RelWithDebInfo|Win32.Build.0 = RelWithDebInfo|Win32
		{BC5A4F8A-8E0E-3BF0-BB5F-25B6568B0872}.Debug|Win32.ActiveCfg = Debug|Win32
		{BC5A4F8A-8E0E-3BF0-BB5F-25B6568B0872}.Release|Win32.ActiveCfg = Release|Win32
		{BC5A4F8A-8E0E-3BF0-BB5F-25B6568B0872}.MinSizeRel|Win32.ActiveCfg = MinSizeRel|Win32
		{BC5A4F8A-8E0E-3BF0-BB5F-25B6568B0872}.RelWithDebInfo|Win32.ActiveCfg = RelWithDebInfo|Win32
		{F9D4D4DB-485E-369B-9E66-28BC68DD7491}.Debug|Win32.ActiveCfg = Debug|Win32
		{F9D4D4DB-485E-369B-9E66-28BC68DD7491}.Debug|Win32.Build.0 = Debug|Win32
		{F9D4D4DB-485E-369B-9E66-28BC68DD7491}.Release|Win32.ActiveCfg = Release|Win32
		{F9D4D4DB-485E-369B-9E66-28BC68DD7491}.Release|Win32.Build.0 = Release|Win32
		{F9D4D4DB-485E-369B-9E66-28BC68DD7491}.MinSizeRel|Win32.ActiveCfg = MinSizeRel|Win32
		{F9D4D4DB-485E-369B-9E66-28BC68DD7491}.MinSizeRel|Win32.Build.0 = MinSizeRel|Win32
		{F9D4D4DB-485E-369B-9E66-28BC68DD7491}.RelWithDebInfo|Win32.ActiveCfg = RelWithDebInfo|Win32
		{F9D4D4DB-485E-369B-9E66-28BC68DD7491}.RelWithDebInfo|Win32.Build.0 = RelWithDebInfo|Win32
		{D163649B-9133-36FC-9CEE-8DCC6B00E0EE}.Debug|Win32.ActiveCfg = Debug|Win32
		{D163649B-9133-36FC-9CEE-8DCC6B00E0EE}.Debug|Win32.Build.0 = Debug|Win32
		{D163649B-9133-36FC-9CEE-8DCC6B00E0EE}.Release|Win32.ActiveCfg = Release|Win32
		{D163649B-9133-36FC-9CEE-8DCC6B00E0EE}.Release|Win32.Build.0 = Release|Win32
		{D163649B-9133-36FC-9CEE-8DCC6B00E0EE}.MinSizeRel|Win32.ActiveCfg = MinSizeRel|Win32
		{D163649B-9133-36FC-9CEE-8DCC6B00E0EE}.MinSizeRel|Win32.Build.0 = MinSizeRel|Win32
		{D163649B-9133-36FC-9CEE-8DCC6B00E0EE}.RelWithDebInfo|Win32.ActiveCfg = RelWithDebInfo|Win32
		{D163649B-9133-36FC-9CEE-8DCC6B00E0EE}.RelWithDebInfo|Win32.Build.0 = RelWithDebInfo|Win32
		{ED41D0C0-F914-37E6-B345-AF96EF9F5F4C}.Debug|Win32.ActiveCfg = Debug|Win32
		{ED41D0C0-F914-37E6-B345-AF96EF9F5F4C}.Release|Win32.ActiveCfg = Release|Win32
		{ED41D0C0-F914-37E6-B345-AF96EF9F5F4C}.MinSizeRel|Win32.ActiveCfg = MinSizeRel|Win32
		{ED41D0C0-F914-37E6-B345-AF96EF9F5F4C}.RelWithDebInfo|Win32.ActiveCfg = RelWithDebInfo|Win32
		{3DE529DB-0CA6-34CE-B18D-0A7583B0BC49}.Debug|Win32.ActiveCfg = Debug|Win32
		{3DE529DB-0CA6-34CE-B18D-0A7583B0BC49}.Debug|Win32.Build.0 = Debug|Win32
		{3DE529DB-0CA6-34CE-B18D-0A7583B0BC49}.Release|Win32.ActiveCfg = Release|Win32
		{3DE529DB-0CA6-34CE-B18D-0A7583B0BC49}.Release|Win32.Build.0 = Release|Win32
		{3DE529DB-0CA6-34CE-B18D-0A7583B0BC49}.MinSizeRel|Win32.ActiveCfg = MinSizeRel|Win32
		{3DE529DB-0CA6-34CE-B18D-0A7583B0BC49}.MinSizeRel|Win32.Build.0 = MinSizeRel|Win32
		{3DE529DB-0CA6-34CE-B18D-0A7583B0BC49}.RelWithDebInfo|Win32.ActiveCfg = RelWithDebInfo|Win32
		{3DE529DB-0CA6-34CE-B18D-0A7583B0BC49}.RelWithDebInfo|Win32.Build.0 = RelWithDebInfo|Win32
		{4AAB9B3E-519D-3F58-8298-0B767C5FE045}.Debug|Win32.ActiveCfg = Debug|Win32
		{4AAB9B3E-519D-3F58-8298-0B767C5FE045}.Release|Win32.ActiveCfg = Release|Win32
		{4AAB9B3E-519D-3F58-8298-0B767C5FE045}.MinSizeRel|Win32.ActiveCfg = MinSizeRel|Win32
		{4AAB9B3E-519D-3F58-8298-0B767C5FE045}.RelWithDebInfo|Win32.ActiveCfg = RelWithDebInfo|Win32
		{00A4DBD4-61F3-3B89-A1C1-12DDB5DC6BA9}.Debug|Win32.ActiveCfg = Debug|Win32
		{00A4DBD4-61F3-3B89-A1C1-12DDB5DC6BA9}.Debug|Win32.Build.0 = Debug|Win32
		{00A4DBD4-61F3-3B89-A1C1-12DDB5DC6BA9}.Release|Win32.ActiveCfg = Release|Win32
		{00A4DBD4-61F3-3B89-A1C1-12DDB5DC6BA9}.Release|Win32.Build.0 = Release|Win32
		{00A4DBD4-61F3-3B89-A1C1-12DDB5DC6BA9}.MinSizeRel|Win32.ActiveCfg = MinSizeRel|Win32
		{00A4DBD4-61F3-3B89-A1C1-12DDB5DC6BA9}.MinSizeRel|Win32.Build.0 = MinSizeRel|Win32
		{00A4DBD4-61F3-3B89-A1C1-12DDB5DC6BA9}.RelWithDebInfo|Win32.ActiveCfg = RelWithDebInfo|Win32
		{00A4DBD4-61F3-3B89-A1C1-12DDB5DC6BA9}.RelWithDebInfo|Win32.Build.0 = RelWithDebInfo|Win32
		{5A223A87-A503-355A-85D9-821020662699}.Debug|Win32.ActiveCfg = Debug|Win32
		{5A223A87-A503-355A-85D9-821020662699}.Debug|Win32.Build.0 = Debug|Win32
		{5A223A87-A503-355A-85D9-821020662699}.Release|Win32.ActiveCfg = Release|Win32
		{5A223A87-A503-355A-85D9-821020662699}.Release|Win32.Build.0 = Release|Win32
		{5A223A87-A503-355A-85D9-821020662699}.MinSizeRel|Win32.ActiveCfg = MinSizeRel|Win32
		{5A223A87-A503-355A-85D9-821020662699}.MinSizeRel|Win32.Build.0 = MinSizeRel|Win32
		{5A223A87-A503-355A-85D9-821020662699}.RelWithDebInfo|Win32.ActiveCfg = RelWithDebInfo|Win32
		{5A223A87-A503-355A-85D9-821020662699}.RelWithDebInfo|Win32.Build.0 = RelWithDebInfo|Win32
		{2ACAC46B-224F-3E51-A96A-6F4D7C3650A0}.Debug|Win32.ActiveCfg = Debug|Win32
		{2ACAC46B-224F-3E51-A96A-6F4D7C3650A0}.Debug|Win32.Build.0 = Debug|Win32
		{2ACAC46B-224F-3E51-A96A-6F4D7C3650A0}.Release|Win32.ActiveCfg = Release|Win32
		{2ACAC46B-224F-3E51-A96A-6F4D7C3650A0}.Release|Win32.Build.0 = Release|Win32
		{2ACAC46B-224F-3E51-A96A-6F4D7C3650A0}.MinSizeRel|Win32.ActiveCfg = MinSizeRel|Win32
		{2ACAC46B-224F-3E51-A96A-6F4D7C3650A0}.MinSizeRel|Win32.Build.0 = MinSizeRel|Win32
		{2ACAC46B-224F-3E51-A96A-6F4D7C3650A0}.RelWithDebInfo|Win32.ActiveCfg = RelWithDebInfo|Win32
		{2ACAC46B-224F-3E51-A96A-6F4D7C3650A0}.RelWithDebInfo|Win32.Build.0 = RelWithDebInfo|Win32
		{7AABBE24-5CC0-3523-A129-EFEA1437822C}.Debug|Win32.ActiveCfg = Debug|Win32
		{7AABBE24-5CC0-3523-A129-EFEA1437822C}.Debug|Win32.Build.0 = Debug|Win32
		{7AABBE24-5CC0-3523-A129-EFEA1437822C}.Release|Win32.ActiveCfg = Release|Win32
		{7AABBE24-5CC0-3523-A129-EFEA1437822C}.Release|Win32.Build.0 = Release|Win32
		{7AABBE24-5CC0-3523-A129-EFEA1437822C}.MinSizeRel|Win32.ActiveCfg = MinSizeRel|Win32
		{7AABBE24-5CC0-3523-A129-EFEA1437822C}.MinSizeRel|Win32.Build.0 = MinSizeRel|Win32
		{7AABBE24-5CC0-3523-A129-EFEA1437822C}.RelWithDebInfo|Win32.ActiveCfg = RelWithDebInfo|Win32
		{7AABBE24-5CC0-3523-A129-EFEA1437822C}.RelWithDebInfo|Win32.Build.0 = RelWithDebInfo|Win32
		{E7FC74AC-A884-3E0B-AB46-359017661AC0}.Debug|Win32.ActiveCfg = Debug|Win32
		{E7FC74AC-A884-3E0B-AB46-359017661AC0}.Debug|Win32.Build.0 = Debug|Win32
		{E7FC74AC-A884-3E0B-AB46-359017661AC0}.Release|Win32.ActiveCfg = Release|Win32
		{E7FC74AC-A884-3E0B-AB46-359017661AC0}.Release|Win32.Build.0 = Release|Win32
		{E7FC74AC-A884-3E0B-AB46-359017661AC0}.MinSizeRel|Win32.ActiveCfg = MinSizeRel|Win32
		{E7FC74AC-A884-3E0B-AB46-359017661AC0}.MinSizeRel|Win32.Build.0 = MinSizeRel|Win32
		{E7FC74AC-A884-3E0B-AB46-359017661AC0}.RelWithDebInfo|Win32.ActiveCfg = RelWithDebInfo|Win32
		{E7FC74AC-A884-3E0B-AB46-359017661AC0}.RelWithDebInfo|Win32.Build.0 = RelWithDebInfo|Win32
		{4BF318FE-37F3-30A5-BEED-34205FAFD771}.Debug|Win32.ActiveCfg = Debug|Win32
		{4BF318FE-37F3-30A5-BEED-34205FAFD771}.Debug|Win32.Build.0 = Debug|Win32
		{4BF318FE-37F3-30A5-BEED-34205FAFD771}.Release|Win32.ActiveCfg = Release|Win32
		{4BF318FE-37F3-30A5-BEED-34205FAFD771}.Release|Win32.Build.0 = Release|Win32
		{4BF318FE-37F3-30A5-BEED-34205FAFD771}.MinSizeRel|Win32.ActiveCfg = MinSizeRel|Win32
		{4BF318FE-37F3-30A5-BEED-34205FAFD771}.MinSizeRel|Win32.Build.0 = MinSizeRel|Win32
		{4BF318FE-37F3-30A5-BEED-34205FAFD771}.RelWithDebInfo|Win32.ActiveCfg = RelWithDebInfo|Win32
		{4BF318FE-37F3-30A5-BEED-34205FAFD771}.RelWithDebInfo|Win32.Build.0 = RelWithDebInfo|Win32
		{7C649794-D6E9-30B7-B47E-2C83B700C2EF}.Debug|Win32.ActiveCfg = Debug|Win32
		{7C649794-D6E9-30B7-B47E-2C83B700C2EF}.Debug|Win32.Build.0 = Debug|Win32
		{7C649794-D6E9-30B7-B47E-2C83B700C2EF}.Release|Win32.ActiveCfg = Release|Win32
		{7C649794-D6E9-30B7-B47E-2C83B700C2EF}.Release|Win32.Build.0 = Release|Win32
		{7C649794-D6E9-30B7-B47E-2C83B700C2EF}.MinSizeRel|Win32.ActiveCfg = MinSizeRel|Win32
		{7C649794-D6E9-30B7-B47E-2C83B700C2EF}.MinSizeRel|Win32.Build.0 = MinSizeRel|Win32
		{7C649794-D6E9-30B7-B47E-2C83B700C2EF}.RelWithDebInfo|Win32.ActiveCfg = RelWithDebInfo|Win32
		{7C649794-D6E9-30B7-B47E-2C83B700C2EF}.RelWithDebInfo|Win32.Build.0 = RelWithDebInfo|Win32
		{D8DAB941-4AC9-3928-9D5B-4DC9E53F4C75}.Debug|Win32.ActiveCfg = Debug|Win32
		{D8DAB941-4AC9-3928-9D5B-4DC9E53F4C75}.Debug|Win32.Build.0 = Debug|Win32
		{D8DAB941-4AC9-3928-9D5B-4DC9E53F4C75}.Release|Win32.ActiveCfg = Release|Win32
		{D8DAB941-4AC9-3928-9D5B-4DC9E53F4C75}.Release|Win32.Build.0 = Release|Win32
		{D8DAB941-4AC9-3928-9D5B-4DC9E53F4C75}.MinSizeRel|Win32.ActiveCfg = MinSizeRel|Win32
		{D8DAB941-4AC9-3928-9D5B-4DC9E53F4C75}.MinSizeRel|Win32.Build.0 = MinSizeRel|Win32
		{D8DAB941-4AC9-3928-9D5B-4DC9E53F4C75}.RelWithDebInfo|Win32.ActiveCfg = RelWithDebInfo|Win32
		{D8DAB941-4AC9-3928-9D5B-4DC9E53F4C75}.RelWithDebInfo|Win32.Build.0 = RelWithDebInfo|Win32
		{A2882625-841A-3284-8ED7-5B4CA3505BD7}.Debug|Win32.ActiveCfg = Debug|Win32
		{A2882625-841A-3284-8ED7-5B4CA3505BD7}.Debug|Win32.Build.0 = Debug|Win32
		{A2882625-841A-3284-8ED7-5B4CA3505BD7}.Release|Win32.ActiveCfg = Release|Win32
		{A2882625-841A-3284-8ED7-5B4CA3505BD7}.Release|Win32.Build.0 = Release|Win32
		{A2882625-841A-3284-8ED7-5B4CA3505BD7}.MinSizeRel|Win32.ActiveCfg = MinSizeRel|Win32
		{A2882625-841A-3284-8ED7-5B4CA3505BD7}.MinSizeRel|Win32.Build.0 = MinSizeRel|Win32
		{A2882625-841A-3284-8ED7-5B4CA3505BD7}.RelWithDebInfo|Win32.ActiveCfg = RelWithDebInfo|Win32
		{A2882625-841A-3284-8ED7-5B4CA3505BD7}.RelWithDebInfo|Win32.Build.0 = RelWithDebInfo|Win32
		{F8E7A117-404D-3C11-8CEF-F43BE08ACDE7}.Debug|Win32.ActiveCfg = Debug|Win32
		{F8E7A117-404D-3C11-8CEF-F43BE08ACDE7}.Debug|Win32.Build.0 = Debug|Win32
		{F8E7A117-404D-3C11-8CEF-F43BE08ACDE7}.Release|Win32.ActiveCfg = Release|Win32
		{F8E7A117-404D-3C11-8CEF-F43BE08ACDE7}.Release|Win32.Build.0 = Release|Win32
		{F8E7A117-404D-3C11-8CEF-F43BE08ACDE7}.MinSizeRel|Win32.ActiveCfg = MinSizeRel|Win32
		{F8E7A117-404D-3C11-8CEF-F43BE08ACDE7}.MinSizeRel|Win32.Build.0 = MinSizeRel|Win32
		{F8E7A117-404D-3C11-8CEF-F43BE08ACDE7}.RelWithDebInfo|Win32.ActiveCfg = RelWithDebInfo|Win32
		{F8E7A117-404D-3C11-8CEF-F43BE08ACDE7}.RelWithDebInfo|Win32.Build.0 = RelWithDebInfo|Win32
		{86AFBF6A-C8A6-315E-9C95-A6FF9D8FC3D6}.Debug|Win32.ActiveCfg = Debug|Win32
		{86AFBF6A-C8A6-315E-9C95-A6FF9D8FC3D6}.Debug|Win32.Build.0 = Debug|Win32
		{86AFBF6A-C8A6-315E-9C95-A6FF9D8FC3D6}.Release|Win32.ActiveCfg = Release|Win32
		{86AFBF6A-C8A6-315E-9C95-A6FF9D8FC3D6}.Release|Win32.Build.0 = Release|Win32
		{86AFBF6A-C8A6-315E-9C95-A6FF9D8FC3D6}.MinSizeRel|Win32.ActiveCfg = MinSizeRel|Win32
		{86AFBF6A-C8A6-315E-9C95-A6FF9D8FC3D6}.MinSizeRel|Win32.Build.0 = MinSizeRel|Win32
		{86AFBF6A-C8A6-315E-9C95-A6FF9D8FC3D6}.RelWithDebInfo|Win32.ActiveCfg = RelWithDebInfo|Win32
		{86AFBF6A-C8A6-315E-9C95-A6FF9D8FC3D6}.RelWithDebInfo|Win32.Build.0 = RelWithDebInfo|Win32
		{0AC057D4-A66D-3196-A542-0090DE017496}.Debug|Win32.ActiveCfg = Debug|Win32
		{0AC057D4-A66D-3196-A542-0090DE017496}.Debug|Win32.Build.0 = Debug|Win32
		{0AC057D4-A66D-3196-A542-0090DE017496}.Release|Win32.ActiveCfg = Release|Win32
		{0AC057D4-A66D-3196-A542-0090DE017496}.Release|Win32.Build.0 = Release|Win32
		{0AC057D4-A66D-3196-A542-0090DE017496}.MinSizeRel|Win32.ActiveCfg = MinSizeRel|Win32
		{0AC057D4-A66D-3196-A542-0090DE017496}.MinSizeRel|Win32.Build.0 = MinSizeRel|Win32
		{0AC057D4-A66D-3196-A542-0090DE017496}.RelWithDebInfo|Win32.ActiveCfg = RelWithDebInfo|Win32
		{0AC057D4-A66D-3196-A542-0090DE017496}.RelWithDebInfo|Win32.Build.0 = RelWithDebInfo|Win32
		{B9672DC2-6A36-3375-85AE-25A5CA700B07}.Debug|Win32.ActiveCfg = Debug|Win32
		{B9672DC2-6A36-3375-85AE-25A5CA700B07}.Debug|Win32.Build.0 = Debug|Win32
		{B9672DC2-6A36-3375-85AE-25A5CA700B07}.Release|Win32.ActiveCfg = Release|Win32
		{B9672DC2-6A36-3375-85AE-25A5CA700B07}.Release|Win32.Build.0 = Release|Win32
		{B9672DC2-6A36-3375-85AE-25A5CA700B07}.MinSizeRel|Win32.ActiveCfg = MinSizeRel|Win32
		{B9672DC2-6A36-3375-85AE-25A5CA700B07}.MinSizeRel|Win32.Build.0 = MinSizeRel|Win32
		{B9672DC2-6A36-3375-85AE-25A5CA700B07}.RelWithDebInfo|Win32.ActiveCfg = RelWithDebInfo|Win32
		{B9672DC2-6A36-3375-85AE-25A5CA700B07}.RelWithDebInfo|Win32.Build.0 = RelWithDebInfo|Win32
		{0AF8B5A6-8ED6-37AC-A22E-2D78962BDD40}.Debug|Win32.ActiveCfg = Debug|Win32
		{0AF8B5A6-8ED6-37AC-A22E-2D78962BDD40}.Debug|Win32.Build.0 = Debug|Win32
		{0AF8B5A6-8ED6-37AC-A22E-2D78962BDD40}.Release|Win32.ActiveCfg = Release|Win32
		{0AF8B5A6-8ED6-37AC-A22E-2D78962BDD40}.Release|Win32.Build.0 = Release|Win32
		{0AF8B5A6-8ED6-37AC-A22E-2D78962BDD40}.MinSizeRel|Win32.ActiveCfg = MinSizeRel|Win32
		{0AF8B5A6-8ED6-37AC-A22E-2D78962BDD40}.MinSizeRel|Win32.Build.0 = MinSizeRel|Win32
		{0AF8B5A6-8ED6-37AC-A22E-2D78962BDD40}.RelWithDebInfo|Win32.ActiveCfg = RelWithDebInfo|Win32
		{0AF8B5A6-8ED6-37AC-A22E-2D78962BDD40}.RelWithDebInfo|Win32.Build.0 = RelWithDebInfo|Win32
		{83804A08-51C9-301A-83A8-045BB36150A8}.Debug|Win32.ActiveCfg = Debug|Win32
		{83804A08-51C9-301A-83A8-045BB36150A8}.Debug|Win32.Build.0 = Debug|Win32
		{83804A08-51C9-301A-83A8-045BB36150A8}.Release|Win32.ActiveCfg = Release|Win32
		{83804A08-51C9-301A-83A8-045BB36150A8}.Release|Win32.Build.0 = Release|Win32
		{83804A08-51C9-301A-83A8-045BB36150A8}.MinSizeRel|Win32.ActiveCfg = MinSizeRel|Win32
		{83804A08-51C9-301A-83A8-045BB36150A8}.MinSizeRel|Win32.Build.0 = MinSizeRel|Win32
		{83804A08-51C9-301A-83A8-045BB36150A8}.RelWithDebInfo|Win32.ActiveCfg = RelWithDebInfo|Win32
		{83804A08-51C9-301A-83A8-045BB36150A8}.RelWithDebInfo|Win32.Build.0 = RelWithDebInfo|Win32
		{57A1422C-6E59-3664-9BA4-F7C041DF1F28}.Debug|Win32.ActiveCfg = Debug|Win32
		{57A1422C-6E59-3664-9BA4-F7C041DF1F28}.Debug|Win32.Build.0 = Debug|Win32
		{57A1422C-6E59-3664-9BA4-F7C041DF1F28}.Release|Win32.ActiveCfg = Release|Win32
		{57A1422C-6E59-3664-9BA4-F7C041DF1F28}.Release|Win32.Build.0 = Release|Win32
		{57A1422C-6E59-3664-9BA4-F7C041DF1F28}.MinSizeRel|Win32.ActiveCfg = MinSizeRel|Win32
		{57A1422C-6E59-3664-9BA4-F7C041DF1F28}.MinSizeRel|Win32.Build.0 = MinSizeRel|Win32
		{57A1422C-6E59-3664-9BA4-F7C041DF1F28}.RelWithDebInfo|Win32.ActiveCfg = RelWithDebInfo|Win32
		{57A1422C-6E59-3664-9BA4-F7C041DF1F28}.RelWithDebInfo|Win32.Build.0 = RelWithDebInfo|Win32
		{5EB75657-8488-3458-8E55-7258A71404A2}.Debug|Win32.ActiveCfg = Debug|Win32
		{5EB75657-8488-3458-8E55-7258A71404A2}.Debug|Win32.Build.0 = Debug|Win32
		{5EB75657-8488-3458-8E55-7258A71404A2}.Release|Win32.ActiveCfg = Release|Win32
		{5EB75657-8488-3458-8E55-7258A71404A2}.Release|Win32.Build.0 = Release|Win32
		{5EB75657-8488-3458-8E55-7258A71404A2}.MinSizeRel|Win32.ActiveCfg = MinSizeRel|Win32
		{5EB75657-8488-3458-8E55-7258A71404A2}.MinSizeRel|Win32.Build.0 = MinSizeRel|Win32
		{5EB75657-8488-3458-8E55-7258A71404A2}.RelWithDebInfo|Win32.ActiveCfg = RelWithDebInfo|Win32
		{5EB75657-8488-3458-8E55-7258A71404A2}.RelWithDebInfo|Win32.Build.0 = RelWithDebInfo|Win32
		{6D6AAA3B-1164-33E8-8E0D-FCBEAD811196}.Debug|Win32.ActiveCfg = Debug|Win32
		{6D6AAA3B-1164-33E8-8E0D-FCBEAD811196}.Debug|Win32.Build.0 = Debug|Win32
		{6D6AAA3B-1164-33E8-8E0D-FCBEAD811196}.Release|Win32.ActiveCfg = Release|Win32
		{6D6AAA3B-1164-33E8-8E0D-FCBEAD811196}.Release|Win32.Build.0 = Release|Win32
		{6D6AAA3B-1164-33E8-8E0D-FCBEAD811196}.MinSizeRel|Win32.ActiveCfg = MinSizeRel|Win32
		{6D6AAA3B-1164-33E8-8E0D-FCBEAD811196}.MinSizeRel|Win32.Build.0 = MinSizeRel|Win32
		{6D6AAA3B-1164-33E8-8E0D-FCBEAD811196}.RelWithDebInfo|Win32.ActiveCfg = RelWithDebInfo|Win32
		{6D6AAA3B-1164-33E8-8E0D-FCBEAD811196}.RelWithDebInfo|Win32.Build.0 = RelWithDebInfo|Win32
		{930F6F72-A872-3A9E-8EBB-C7E17AA6E2AE}.Debug|Win32.ActiveCfg = Debug|Win32
		{930F6F72-A872-3A9E-8EBB-C7E17AA6E2AE}.Debug|Win32.Build.0 = Debug|Win32
		{930F6F72-A872-3A9E-8EBB-C7E17AA6E2AE}.Release|Win32.ActiveCfg = Release|Win32
		{930F6F72-A872-3A9E-8EBB-C7E17AA6E2AE}.Release|Win32.Build.0 = Release|Win32
		{930F6F72-A872-3A9E-8EBB-C7E17AA6E2AE}.MinSizeRel|Win32.ActiveCfg = MinSizeRel|Win32
		{930F6F72-A872-3A9E-8EBB-C7E17AA6E2AE}.MinSizeRel|Win32.Build.0 = MinSizeRel|Win32
		{930F6F72-A872-3A9E-8EBB-C7E17AA6E2AE}.RelWithDebInfo|Win32.ActiveCfg = RelWithDebInfo|Win32
		{930F6F72-A872-3A9E-8EBB-C7E17AA6E2AE}.RelWithDebInfo|Win32.Build.0 = RelWithDebInfo|Win32
		{FFD9188D-458A-3289-987C-1D8562DC7894}.Debug|Win32.ActiveCfg = Debug|Win32
		{FFD9188D-458A-3289-987C-1D8562DC7894}.Debug|Win32.Build.0 = Debug|Win32
		{FFD9188D-458A-3289-987C-1D8562DC7894}.Release|Win32.ActiveCfg = Release|Win32
		{FFD9188D-458A-3289-987C-1D8562DC7894}.Release|Win32.Build.0 = Release|Win32
		{FFD9188D-458A-3289-987C-1D8562DC7894}.MinSizeRel|Win32.ActiveCfg = MinSizeRel|Win32
		{FFD9188D-458A-3289-987C-1D8562DC7894}.MinSizeRel|Win32.Build.0 = MinSizeRel|Win32
		{FFD9188D-458A-3289-987C-1D8562DC7894}.RelWithDebInfo|Win32.ActiveCfg = RelWithDebInfo|Win32
		{FFD9188D-458A-3289-987C-1D8562DC7894}.RelWithDebInfo|Win32.Build.0 = RelWithDebInfo|Win32
		{5DA7A394-18D2-3C42-A14F-FA1D4507A0A3}.Debug|Win32.ActiveCfg = Debug|Win32
		{5DA7A394-18D2-3C42-A14F-FA1D4507A0A3}.Debug|Win32.Build.0 = Debug|Win32
		{5DA7A394-18D2-3C42-A14F-FA1D4507A0A3}.Release|Win32.ActiveCfg = Release|Win32
		{5DA7A394-18D2-3C42-A14F-FA1D4507A0A3}.Release|Win32.Build.0 = Release|Win32
		{5DA7A394-18D2-3C42-A14F-FA1D4507A0A3}.MinSizeRel|Win32.ActiveCfg = MinSizeRel|Win32
		{5DA7A394-18D2-3C42-A14F-FA1D4507A0A3}.MinSizeRel|Win32.Build.0 = MinSizeRel|Win32
		{5DA7A394-18D2-3C42-A14F-FA1D4507A0A3}.RelWithDebInfo|Win32.ActiveCfg = RelWithDebInfo|Win32
		{5DA7A394-18D2-3C42-A14F-FA1D4507A0A3}.RelWithDebInfo|Win32.Build.0 = RelWithDebInfo|Win32
		{CFED61E6-163E-3C2D-8D3D-07D3497DF65F}.Debug|Win32.ActiveCfg = Debug|Win32
		{CFED61E6-163E-3C2D-8D3D-07D3497DF65F}.Debug|Win32.Build.0 = Debug|Win32
		{CFED61E6-163E-3C2D-8D3D-07D3497DF65F}.Release|Win32.ActiveCfg = Release|Win32
		{CFED61E6-163E-3C2D-8D3D-07D3497DF65F}.Release|Win32.Build.0 = Release|Win32
		{CFED61E6-163E-3C2D-8D3D-07D3497DF65F}.MinSizeRel|Win32.ActiveCfg = MinSizeRel|Win32
		{CFED61E6-163E-3C2D-8D3D-07D3497DF65F}.MinSizeRel|Win32.Build.0 = MinSizeRel|Win32
		{CFED61E6-163E-3C2D-8D3D-07D3497DF65F}.RelWithDebInfo|Win32.ActiveCfg = RelWithDebInfo|Win32
		{CFED61E6-163E-3C2D-8D3D-07D3497DF65F}.RelWithDebInfo|Win32.Build.0 = RelWithDebInfo|Win32
		{86936851-8126-3702-8496-6B39EF5CD98A}.Debug|Win32.ActiveCfg = Debug|Win32
		{86936851-8126-3702-8496-6B39EF5CD98A}.Debug|Win32.Build.0 = Debug|Win32
		{86936851-8126-3702-8496-6B39EF5CD98A}.Release|Win32.ActiveCfg = Release|Win32
		{86936851-8126-3702-8496-6B39EF5CD98A}.Release|Win32.Build.0 = Release|Win32
		{86936851-8126-3702-8496-6B39EF5CD98A}.MinSizeRel|Win32.ActiveCfg = MinSizeRel|Win32
		{86936851-8126-3702-8496-6B39EF5CD98A}.MinSizeRel|Win32.Build.0 = MinSizeRel|Win32
		{86936851-8126-3702-8496-6B39EF5CD98A}.RelWithDebInfo|Win32.ActiveCfg = RelWithDebInfo|Win32
		{86936851-8126-3702-8496-6B39EF5CD98A}.RelWithDebInfo|Win32.Build.0 = RelWithDebInfo|Win32
		{8B4230BA-FE53-39B7-892B-AB91BF733720}.Debug|Win32.ActiveCfg = Debug|Win32
		{8B4230BA-FE53-39B7-892B-AB91BF733720}.Debug|Win32.Build.0 = Debug|Win32
		{8B4230BA-FE53-39B7-892B-AB91BF733720}.Release|Win32.ActiveCfg = Release|Win32
		{8B4230BA-FE53-39B7-892B-AB91BF733720}.Release|Win32.Build.0 = Release|Win32
		{8B4230BA-FE53-39B7-892B-AB91BF733720}.MinSizeRel|Win32.ActiveCfg = MinSizeRel|Win32
		{8B4230BA-FE53-39B7-892B-AB91BF733720}.MinSizeRel|Win32.Build.0 = MinSizeRel|Win32
		{8B4230BA-FE53-39B7-892B-AB91BF733720}.RelWithDebInfo|Win32.ActiveCfg = RelWithDebInfo|Win32
		{8B4230BA-FE53-39B7-892B-AB91BF733720}.RelWithDebInfo|Win32.Build.0 = RelWithDebInfo|Win32
		{22A21F46-C915-3E43-AC7E-8F9A821B9785}.Debug|Win32.ActiveCfg = Debug|Win32
		{22A21F46-C915-3E43-AC7E-8F9A821B9785}.Debug|Win32.Build.0 = Debug|Win32
		{22A21F46-C915-3E43-AC7E-8F9A821B9785}.Release|Win32.ActiveCfg = Release|Win32
		{22A21F46-C915-3E43-AC7E-8F9A821B9785}.Release|Win32.Build.0 = Release|Win32
		{22A21F46-C915-3E43-AC7E-8F9A821B9785}.MinSizeRel|Win32.ActiveCfg = MinSizeRel|Win32
		{22A21F46-C915-3E43-AC7E-8F9A821B9785}.MinSizeRel|Win32.Build.0 = MinSizeRel|Win32
		{22A21F46-C915-3E43-AC7E-8F9A821B9785}.RelWithDebInfo|Win32.ActiveCfg = RelWithDebInfo|Win32
		{22A21F46-C915-3E43-AC7E-8F9A821B9785}.RelWithDebInfo|Win32.Build.0 = RelWithDebInfo|Win32
		{1AD2860F-500C-3732-B884-D72823A72881}.Debug|Win32.ActiveCfg = Debug|Win32
		{1AD2860F-500C-3732-B884-D72823A72881}.Debug|Win32.Build.0 = Debug|Win32
		{1AD2860F-500C-3732-B884-D72823A72881}.Release|Win32.ActiveCfg = Release|Win32
		{1AD2860F-500C-3732-B884-D72823A72881}.Release|Win32.Build.0 = Release|Win32
		{1AD2860F-500C-3732-B884-D72823A72881}.MinSizeRel|Win32.ActiveCfg = MinSizeRel|Win32
		{1AD2860F-500C-3732-B884-D72823A72881}.MinSizeRel|Win32.Build.0 = MinSizeRel|Win32
		{1AD2860F-500C-3732-B884-D72823A72881}.RelWithDebInfo|Win32.ActiveCfg = RelWithDebInfo|Win32
		{1AD2860F-500C-3732-B884-D72823A72881}.RelWithDebInfo|Win32.Build.0 = RelWithDebInfo|Win32
		{8523A3F7-6CEA-3CD9-AFC2-51AB37C848C4}.Debug|Win32.ActiveCfg = Debug|Win32
		{8523A3F7-6CEA-3CD9-AFC2-51AB37C848C4}.Debug|Win32.Build.0 = Debug|Win32
		{8523A3F7-6CEA-3CD9-AFC2-51AB37C848C4}.Release|Win32.ActiveCfg = Release|Win32
		{8523A3F7-6CEA-3CD9-AFC2-51AB37C848C4}.Release|Win32.Build.0 = Release|Win32
		{8523A3F7-6CEA-3CD9-AFC2-51AB37C848C4}.MinSizeRel|Win32.ActiveCfg = MinSizeRel|Win32
		{8523A3F7-6CEA-3CD9-AFC2-51AB37C848C4}.MinSizeRel|Win32.Build.0 = MinSizeRel|Win32
		{8523A3F7-6CEA-3CD9-AFC2-51AB37C848C4}.RelWithDebInfo|Win32.ActiveCfg = RelWithDebInfo|Win32
		{8523A3F7-6CEA-3CD9-AFC2-51AB37C848C4}.RelWithDebInfo|Win32.Build.0 = RelWithDebInfo|Win32
		{9F570507-12B3-3E04-92AA-D77503572C0F}.Debug|Win32.ActiveCfg = Debug|Win32
		{9F570507-12B3-3E04-92AA-D77503572C0F}.Debug|Win32.Build.0 = Debug|Win32
		{9F570507-12B3-3E04-92AA-D77503572C0F}.Release|Win32.ActiveCfg = Release|Win32
		{9F570507-12B3-3E04-92AA-D77503572C0F}.Release|Win32.Build.0 = Release|Win32
		{9F570507-12B3-3E04-92AA-D77503572C0F}.MinSizeRel|Win32.ActiveCfg = MinSizeRel|Win32
		{9F570507-12B3-3E04-92AA-D77503572C0F}.MinSizeRel|Win32.Build.0 = MinSizeRel|Win32
		{9F570507-12B3-3E04-92AA-D77503572C0F}.RelWithDebInfo|Win32.ActiveCfg = RelWithDebInfo|Win32
		{9F570507-12B3-3E04-92AA-D77503572C0F}.RelWithDebInfo|Win32.Build.0 = RelWithDebInfo|Win32
		{ABC29E6E-BEAA-3A4D-98F6-0ADF6FFE69A0}.Debug|Win32.ActiveCfg = Debug|Win32
		{ABC29E6E-BEAA-3A4D-98F6-0ADF6FFE69A0}.Debug|Win32.Build.0 = Debug|Win32
		{ABC29E6E-BEAA-3A4D-98F6-0ADF6FFE69A0}.Release|Win32.ActiveCfg = Release|Win32
		{ABC29E6E-BEAA-3A4D-98F6-0ADF6FFE69A0}.Release|Win32.Build.0 = Release|Win32
		{ABC29E6E-BEAA-3A4D-98F6-0ADF6FFE69A0}.MinSizeRel|Win32.ActiveCfg = MinSizeRel|Win32
		{ABC29E6E-BEAA-3A4D-98F6-0ADF6FFE69A0}.MinSizeRel|Win32.Build.0 = MinSizeRel|Win32
		{ABC29E6E-BEAA-3A4D-98F6-0ADF6FFE69A0}.RelWithDebInfo|Win32.ActiveCfg = RelWithDebInfo|Win32
		{ABC29E6E-BEAA-3A4D-98F6-0ADF6FFE69A0}.RelWithDebInfo|Win32.Build.0 = RelWithDebInfo|Win32
		{8FC690A9-61A3-3BC8-9C4C-58C8A46B7962}.Debug|Win32.ActiveCfg = Debug|Win32
		{8FC690A9-61A3-3BC8-9C4C-58C8A46B7962}.Debug|Win32.Build.0 = Debug|Win32
		{8FC690A9-61A3-3BC8-9C4C-58C8A46B7962}.Release|Win32.ActiveCfg = Release|Win32
		{8FC690A9-61A3-3BC8-9C4C-58C8A46B7962}.Release|Win32.Build.0 = Release|Win32
		{8FC690A9-61A3-3BC8-9C4C-58C8A46B7962}.MinSizeRel|Win32.ActiveCfg = MinSizeRel|Win32
		{8FC690A9-61A3-3BC8-9C4C-58C8A46B7962}.MinSizeRel|Win32.Build.0 = MinSizeRel|Win32
		{8FC690A9-61A3-3BC8-9C4C-58C8A46B7962}.RelWithDebInfo|Win32.ActiveCfg = RelWithDebInfo|Win32
		{8FC690A9-61A3-3BC8-9C4C-58C8A46B7962}.RelWithDebInfo|Win32.Build.0 = RelWithDebInfo|Win32
		{9A8CCE61-E551-3CDF-9E4A-69562BA4D144}.Debug|Win32.ActiveCfg = Debug|Win32
		{9A8CCE61-E551-3CDF-9E4A-69562BA4D144}.Debug|Win32.Build.0 = Debug|Win32
		{9A8CCE61-E551-3CDF-9E4A-69562BA4D144}.Release|Win32.ActiveCfg = Release|Win32
		{9A8CCE61-E551-3CDF-9E4A-69562BA4D144}.Release|Win32.Build.0 = Release|Win32
		{9A8CCE61-E551-3CDF-9E4A-69562BA4D144}.MinSizeRel|Win32.ActiveCfg = MinSizeRel|Win32
		{9A8CCE61-E551-3CDF-9E4A-69562BA4D144}.MinSizeRel|Win32.Build.0 = MinSizeRel|Win32
		{9A8CCE61-E551-3CDF-9E4A-69562BA4D144}.RelWithDebInfo|Win32.ActiveCfg = RelWithDebInfo|Win32
		{9A8CCE61-E551-3CDF-9E4A-69562BA4D144}.RelWithDebInfo|Win32.Build.0 = RelWithDebInfo|Win32
		{39524127-943D-399A-BFBA-FAC9CF61F8D1}.Debug|Win32.ActiveCfg = Debug|Win32
		{39524127-943D-399A-BFBA-FAC9CF61F8D1}.Debug|Win32.Build.0 = Debug|Win32
		{39524127-943D-399A-BFBA-FAC9CF61F8D1}.Release|Win32.ActiveCfg = Release|Win32
		{39524127-943D-399A-BFBA-FAC9CF61F8D1}.Release|Win32.Build.0 = Release|Win32
		{39524127-943D-399A-BFBA-FAC9CF61F8D1}.MinSizeRel|Win32.ActiveCfg = MinSizeRel|Win32
		{39524127-943D-399A-BFBA-FAC9CF61F8D1}.MinSizeRel|Win32.Build.0 = MinSizeRel|Win32
		{39524127-943D-399A-BFBA-FAC9CF61F8D1}.RelWithDebInfo|Win32.ActiveCfg = RelWithDebInfo|Win32
		{39524127-943D-399A-BFBA-FAC9CF61F8D1}.RelWithDebInfo|Win32.Build.0 = RelWithDebInfo|Win32
		{002199C5-CAB9-3ECF-B2B6-D858665CC772}.Debug|Win32.ActiveCfg = Debug|Win32
		{002199C5-CAB9-3ECF-B2B6-D858665CC772}.Debug|Win32.Build.0 = Debug|Win32
		{002199C5-CAB9-3ECF-B2B6-D858665CC772}.Release|Win32.ActiveCfg = Release|Win32
		{002199C5-CAB9-3ECF-B2B6-D858665CC772}.Release|Win32.Build.0 = Release|Win32
		{002199C5-CAB9-3ECF-B2B6-D858665CC772}.MinSizeRel|Win32.ActiveCfg = MinSizeRel|Win32
		{002199C5-CAB9-3ECF-B2B6-D858665CC772}.MinSizeRel|Win32.Build.0 = MinSizeRel|Win32
		{002199C5-CAB9-3ECF-B2B6-D858665CC772}.RelWithDebInfo|Win32.ActiveCfg = RelWithDebInfo|Win32
		{002199C5-CAB9-3ECF-B2B6-D858665CC772}.RelWithDebInfo|Win32.Build.0 = RelWithDebInfo|Win32
		{9990EF14-CFDC-369B-A7D3-B3D61CBB942D}.Debug|Win32.ActiveCfg = Debug|Win32
		{9990EF14-CFDC-369B-A7D3-B3D61CBB942D}.Debug|Win32.Build.0 = Debug|Win32
		{9990EF14-CFDC-369B-A7D3-B3D61CBB942D}.Release|Win32.ActiveCfg = Release|Win32
		{9990EF14-CFDC-369B-A7D3-B3D61CBB942D}.Release|Win32.Build.0 = Release|Win32
		{9990EF14-CFDC-369B-A7D3-B3D61CBB942D}.MinSizeRel|Win32.ActiveCfg = MinSizeRel|Win32
		{9990EF14-CFDC-369B-A7D3-B3D61CBB942D}.MinSizeRel|Win32.Build.0 = MinSizeRel|Win32
		{9990EF14-CFDC-369B-A7D3-B3D61CBB942D}.RelWithDebInfo|Win32.ActiveCfg = RelWithDebInfo|Win32
		{9990EF14-CFDC-369B-A7D3-B3D61CBB942D}.RelWithDebInfo|Win32.Build.0 = RelWithDebInfo|Win32
	EndGlobalSection
	GlobalSection(NestedProjects) = preSolution
		{D7DCF325-C943-38E8-A648-638D2F04CCD0} = {F5799040-1340-3614-B098-73C896F16E76}
		{232E25EB-11B3-3C15-9C09-1E81237CBDFC} = {F5799040-1340-3614-B098-73C896F16E76}
		{77E26A10-ED8A-388B-978B-6BACAB0EE90A} = {1F053ED0-5238-30DC-B6AA-927D99E184CF}
		{58F99ABC-A7A3-3F0A-9C3E-A6E1F9D23657} = {1F053ED0-5238-30DC-B6AA-927D99E184CF}
		{B17FAFE3-4D46-38B8-BE36-64C4957163DC} = {1F053ED0-5238-30DC-B6AA-927D99E184CF}
		{3B5D5D17-477D-3DFE-8880-099E76C6AE4C} = {1F053ED0-5238-30DC-B6AA-927D99E184CF}
		{42E96D3C-E54F-3322-AF97-EF0B0880780D} = {24F0EB6E-4224-34AF-AAA5-1A1EDE7D0606}
		{E8332651-AAB4-322C-8E2B-9A5BD0F3C08C} = {24F0EB6E-4224-34AF-AAA5-1A1EDE7D0606}
		{DFB9EB8E-6378-3513-A67F-0072425EF989} = {24F0EB6E-4224-34AF-AAA5-1A1EDE7D0606}
		{D5F08B7A-4996-3254-88CB-D4297B349A7C} = {24F0EB6E-4224-34AF-AAA5-1A1EDE7D0606}
		{F6AF84D7-2216-334E-A0CF-E5F33700E7CE} = {42E96D3C-E54F-3322-AF97-EF0B0880780D}
		{584C728F-9D89-3E23-B86F-145C9E3D39D9} = {42E96D3C-E54F-3322-AF97-EF0B0880780D}
		{55BD9571-54CA-3F62-8530-ED8026AB8671} = {42E96D3C-E54F-3322-AF97-EF0B0880780D}
		{EA559AE1-9EBD-3D1E-A605-E6CE065382B5} = {E8332651-AAB4-322C-8E2B-9A5BD0F3C08C}
		{D1ED05DA-5BBF-3601-928F-176F761D0A08} = {E8332651-AAB4-322C-8E2B-9A5BD0F3C08C}
		{E79E12DE-1516-3678-AB8D-749D6365C130} = {E8332651-AAB4-322C-8E2B-9A5BD0F3C08C}
		{9E7EF9E2-7DF4-3A0A-8E58-14452271E533} = {E8332651-AAB4-322C-8E2B-9A5BD0F3C08C}
		{FD81CD60-C5B6-341C-81E8-0C59532AB3B3} = {E8332651-AAB4-322C-8E2B-9A5BD0F3C08C}
		{C398C84B-1281-3663-A672-69CFE177080D} = {E8332651-AAB4-322C-8E2B-9A5BD0F3C08C}
		{18DD292D-C71A-38B9-BE02-AA1416564719} = {E8332651-AAB4-322C-8E2B-9A5BD0F3C08C}
		{0A681781-EB0E-3233-9CA8-5B4B62556A43} = {E8332651-AAB4-322C-8E2B-9A5BD0F3C08C}
		{0E99946D-57A8-3A55-8214-41CC822032C5} = {E8332651-AAB4-322C-8E2B-9A5BD0F3C08C}
		{AD5D309F-74F8-34A9-83C2-21AF4CF389D7} = {E8332651-AAB4-322C-8E2B-9A5BD0F3C08C}
		{0AF8B5A6-8ED6-37AC-A22E-2D78962BDD40} = {E8332651-AAB4-322C-8E2B-9A5BD0F3C08C}
		{83804A08-51C9-301A-83A8-045BB36150A8} = {E8332651-AAB4-322C-8E2B-9A5BD0F3C08C}
		{57A1422C-6E59-3664-9BA4-F7C041DF1F28} = {E8332651-AAB4-322C-8E2B-9A5BD0F3C08C}
		{5EB75657-8488-3458-8E55-7258A71404A2} = {E8332651-AAB4-322C-8E2B-9A5BD0F3C08C}
		{6D6AAA3B-1164-33E8-8E0D-FCBEAD811196} = {E8332651-AAB4-322C-8E2B-9A5BD0F3C08C}
		{930F6F72-A872-3A9E-8EBB-C7E17AA6E2AE} = {E8332651-AAB4-322C-8E2B-9A5BD0F3C08C}
		{FFD9188D-458A-3289-987C-1D8562DC7894} = {E8332651-AAB4-322C-8E2B-9A5BD0F3C08C}
		{5DA7A394-18D2-3C42-A14F-FA1D4507A0A3} = {E8332651-AAB4-322C-8E2B-9A5BD0F3C08C}
		{CFED61E6-163E-3C2D-8D3D-07D3497DF65F} = {E8332651-AAB4-322C-8E2B-9A5BD0F3C08C}
		{86936851-8126-3702-8496-6B39EF5CD98A} = {E8332651-AAB4-322C-8E2B-9A5BD0F3C08C}
		{8B4230BA-FE53-39B7-892B-AB91BF733720} = {E8332651-AAB4-322C-8E2B-9A5BD0F3C08C}
		{22A21F46-C915-3E43-AC7E-8F9A821B9785} = {E8332651-AAB4-322C-8E2B-9A5BD0F3C08C}
		{1AD2860F-500C-3732-B884-D72823A72881} = {E8332651-AAB4-322C-8E2B-9A5BD0F3C08C}
		{8523A3F7-6CEA-3CD9-AFC2-51AB37C848C4} = {E8332651-AAB4-322C-8E2B-9A5BD0F3C08C}
		{9F570507-12B3-3E04-92AA-D77503572C0F} = {E8332651-AAB4-322C-8E2B-9A5BD0F3C08C}
		{ABC29E6E-BEAA-3A4D-98F6-0ADF6FFE69A0} = {E8332651-AAB4-322C-8E2B-9A5BD0F3C08C}
		{8FC690A9-61A3-3BC8-9C4C-58C8A46B7962} = {E8332651-AAB4-322C-8E2B-9A5BD0F3C08C}
		{9A8CCE61-E551-3CDF-9E4A-69562BA4D144} = {E8332651-AAB4-322C-8E2B-9A5BD0F3C08C}
		{39524127-943D-399A-BFBA-FAC9CF61F8D1} = {E8332651-AAB4-322C-8E2B-9A5BD0F3C08C}
		{002199C5-CAB9-3ECF-B2B6-D858665CC772} = {E8332651-AAB4-322C-8E2B-9A5BD0F3C08C}
		{9990EF14-CFDC-369B-A7D3-B3D61CBB942D} = {E8332651-AAB4-322C-8E2B-9A5BD0F3C08C}
		{F9D4D4DB-485E-369B-9E66-28BC68DD7491} = {DFB9EB8E-6378-3513-A67F-0072425EF989}
		{7AABBE24-5CC0-3523-A129-EFEA1437822C} = {DFB9EB8E-6378-3513-A67F-0072425EF989}
		{E7FC74AC-A884-3E0B-AB46-359017661AC0} = {DFB9EB8E-6378-3513-A67F-0072425EF989}
		{4BF318FE-37F3-30A5-BEED-34205FAFD771} = {DFB9EB8E-6378-3513-A67F-0072425EF989}
		{BE1BA860-BA25-34EA-B0A6-E725577BD74C} = {D5F08B7A-4996-3254-88CB-D4297B349A7C}
		{0AC057D4-A66D-3196-A542-0090DE017496} = {D5F08B7A-4996-3254-88CB-D4297B349A7C}
		{B9672DC2-6A36-3375-85AE-25A5CA700B07} = {D5F08B7A-4996-3254-88CB-D4297B349A7C}
	EndGlobalSection
	GlobalSection(ExtensibilityGlobals) = postSolution
		SolutionGuid = {8CFFD169-2D52-3CA7-8BD7-9C81E37669F5}
	EndGlobalSection
	GlobalSection(ExtensibilityAddIns) = postSolution
	EndGlobalSection
EndGlobal
