<?xml version="1.0" encoding="utf-8"?>
<Project ToolsVersion="15.0" xmlns="http://schemas.microsoft.com/developer/msbuild/2003">
  <ItemGroup>
    <ClCompile Include="C:\Projects\open62541-i4Component\src\ua_types.c">
      <Filter>src</Filter>
    </ClCompile>
    <ClCompile Include="C:\Projects\open62541-i4Component\src\ua_types_encoding_binary.c">
      <Filter>src</Filter>
    </ClCompile>
    <ClCompile Include="C:\Projects\open62541-i4Component\src\ua_types_print.c">
      <Filter>src</Filter>
    </ClCompile>
    <ClCompile Include="C:\Projects\open62541-i4Component\buildWIN\src_generated\open62541\types_generated.c">
      <Filter>buildWIN\src_generated\open62541</Filter>
    </ClCompile>
    <ClCompile Include="C:\Projects\open62541-i4Component\buildWIN\src_generated\open62541\transport_generated.c">
      <Filter>buildWIN\src_generated\open62541</Filter>
    </ClCompile>
    <ClCompile Include="C:\Projects\open62541-i4Component\buildWIN\src_generated\open62541\statuscodes.c">
      <Filter>buildWIN\src_generated\open62541</Filter>
    </ClCompile>
    <ClCompile Include="C:\Projects\open62541-i4Component\src\ua_util.c">
      <Filter>src</Filter>
    </ClCompile>
    <ClCompile Include="C:\Projects\open62541-i4Component\src\ua_timer.c">
      <Filter>src</Filter>
    </ClCompile>
    <ClCompile Include="C:\Projects\open62541-i4Component\src\ua_connection.c">
      <Filter>src</Filter>
    </ClCompile>
    <ClCompile Include="C:\Projects\open62541-i4Component\src\ua_securechannel.c">
      <Filter>src</Filter>
    </ClCompile>
    <ClCompile Include="C:\Projects\open62541-i4Component\src\ua_securechannel_crypto.c">
      <Filter>src</Filter>
    </ClCompile>
    <ClCompile Include="C:\Projects\open62541-i4Component\src\server\ua_session.c">
      <Filter>src\server</Filter>
    </ClCompile>
    <ClCompile Include="C:\Projects\open62541-i4Component\src\server\ua_nodes.c">
      <Filter>src\server</Filter>
    </ClCompile>
    <ClCompile Include="C:\Projects\open62541-i4Component\src\server\ua_server.c">
      <Filter>src\server</Filter>
    </ClCompile>
    <ClCompile Include="C:\Projects\open62541-i4Component\src\server\ua_server_ns0.c">
      <Filter>src\server</Filter>
    </ClCompile>
    <ClCompile Include="C:\Projects\open62541-i4Component\src\server\ua_server_config.c">
      <Filter>src\server</Filter>
    </ClCompile>
    <ClCompile Include="C:\Projects\open62541-i4Component\src\server\ua_server_binary.c">
      <Filter>src\server</Filter>
    </ClCompile>
    <ClCompile Include="C:\Projects\open62541-i4Component\src\server\ua_server_utils.c">
      <Filter>src\server</Filter>
    </ClCompile>
    <ClCompile Include="C:\Projects\open62541-i4Component\src\server\ua_server_discovery.c">
      <Filter>src\server</Filter>
    </ClCompile>
    <ClCompile Include="C:\Projects\open62541-i4Component\src\server\ua_server_async.c">
      <Filter>src\server</Filter>
    </ClCompile>
    <ClCompile Include="C:\Projects\open62541-i4Component\src\pubsub\ua_pubsub_networkmessage.c">
      <Filter>src\pubsub</Filter>
    </ClCompile>
    <ClCompile Include="C:\Projects\open62541-i4Component\src\pubsub\ua_pubsub_writer.c">
      <Filter>src\pubsub</Filter>
    </ClCompile>
    <ClCompile Include="C:\Projects\open62541-i4Component\src\pubsub\ua_pubsub_reader.c">
      <Filter>src\pubsub</Filter>
    </ClCompile>
    <ClCompile Include="C:\Projects\open62541-i4Component\src\pubsub\ua_pubsub_manager.c">
      <Filter>src\pubsub</Filter>
    </ClCompile>
    <ClCompile Include="C:\Projects\open62541-i4Component\src\pubsub\ua_pubsub_ns0.c">
      <Filter>src\pubsub</Filter>
    </ClCompile>
    <ClCompile Include="C:\Projects\open62541-i4Component\src\server\ua_services_view.c">
      <Filter>src\server</Filter>
    </ClCompile>
    <ClCompile Include="C:\Projects\open62541-i4Component\src\server\ua_services_method.c">
      <Filter>src\server</Filter>
    </ClCompile>
    <ClCompile Include="C:\Projects\open62541-i4Component\src\server\ua_services_session.c">
      <Filter>src\server</Filter>
    </ClCompile>
    <ClCompile Include="C:\Projects\open62541-i4Component\src\server\ua_services_attribute.c">
      <Filter>src\server</Filter>
    </ClCompile>
    <ClCompile Include="C:\Projects\open62541-i4Component\src\server\ua_services_discovery.c">
      <Filter>src\server</Filter>
    </ClCompile>
    <ClCompile Include="C:\Projects\open62541-i4Component\src\server\ua_services_subscription.c">
      <Filter>src\server</Filter>
    </ClCompile>
    <ClCompile Include="C:\Projects\open62541-i4Component\src\server\ua_services_monitoreditem.c">
      <Filter>src\server</Filter>
    </ClCompile>
    <ClCompile Include="C:\Projects\open62541-i4Component\src\server\ua_services_securechannel.c">
      <Filter>src\server</Filter>
    </ClCompile>
    <ClCompile Include="C:\Projects\open62541-i4Component\src\server\ua_services_nodemanagement.c">
      <Filter>src\server</Filter>
    </ClCompile>
    <ClCompile Include="C:\Projects\open62541-i4Component\src\server\ua_services_discovery_multicast.c">
      <Filter>src\server</Filter>
    </ClCompile>
    <ClCompile Include="C:\Projects\open62541-i4Component\src\client\ua_client.c">
      <Filter>src\client</Filter>
    </ClCompile>
    <ClCompile Include="C:\Projects\open62541-i4Component\src\client\ua_client_connect.c">
      <Filter>src\client</Filter>
    </ClCompile>
    <ClCompile Include="C:\Projects\open62541-i4Component\src\client\ua_client_discovery.c">
      <Filter>src\client</Filter>
    </ClCompile>
    <ClCompile Include="C:\Projects\open62541-i4Component\src\client\ua_client_highlevel.c">
      <Filter>src\client</Filter>
    </ClCompile>
    <ClCompile Include="C:\Projects\open62541-i4Component\src\client\ua_client_subscriptions.c">
      <Filter>src\client</Filter>
    </ClCompile>
    <ClCompile Include="C:\Projects\open62541-i4Component\deps\libc_time.c">
      <Filter>deps</Filter>
    </ClCompile>
    <ClCompile Include="C:\Projects\open62541-i4Component\deps\pcg_basic.c">
      <Filter>deps</Filter>
    </ClCompile>
    <ClCompile Include="C:\Projects\open62541-i4Component\deps\base64.c">
      <Filter>deps</Filter>
    </ClCompile>
    <ClCompile Include="C:\Projects\open62541-i4Component\src\pubsub\ua_pubsub_config.c">
      <Filter>src\pubsub</Filter>
    </ClCompile>
    <ClCompile Include="C:\Projects\open62541-i4Component\buildWIN\src_generated\open62541\namespace0_generated.c">
      <Filter>buildWIN\src_generated\open62541</Filter>
    </ClCompile>
    <ClCompile Include="C:\Projects\open62541-i4Component\src\ua_types_lex.c">
      <Filter>src</Filter>
    </ClCompile>
    <ClCompile Include="C:\Projects\open62541-i4Component\src\server\ua_subscription.c">
      <Filter>src\server</Filter>
    </ClCompile>
    <ClCompile Include="C:\Projects\open62541-i4Component\src\server\ua_subscription_monitoreditem.c">
      <Filter>src\server</Filter>
    </ClCompile>
    <ClCompile Include="C:\Projects\open62541-i4Component\src\server\ua_subscription_datachange.c">
      <Filter>src\server</Filter>
    </ClCompile>
  </ItemGroup>
  <ItemGroup>
    <ClInclude Include="C:\Projects\open62541-i4Component\deps\open62541_queue.h">
      <Filter>deps</Filter>
    </ClInclude>
    <ClInclude Include="C:\Projects\open62541-i4Component\deps\pcg_basic.h">
      <Filter>deps</Filter>
    </ClInclude>
    <ClInclude Include="C:\Projects\open62541-i4Component\deps\libc_time.h">
      <Filter>deps</Filter>
    </ClInclude>
    <ClInclude Include="C:\Projects\open62541-i4Component\deps\base64.h">
      <Filter>deps</Filter>
    </ClInclude>
    <ClInclude Include="C:\Projects\open62541-i4Component\src\ua_util_internal.h">
      <Filter>src</Filter>
    </ClInclude>
    <ClInclude Include="C:\Projects\open62541-i4Component\src\ua_types_encoding_binary.h">
      <Filter>src</Filter>
    </ClInclude>
    <ClInclude Include="C:\Projects\open62541-i4Component\buildWIN\src_generated\open62541\types_generated_encoding_binary.h">
      <Filter>buildWIN\src_generated\open62541</Filter>
    </ClInclude>
    <ClInclude Include="C:\Projects\open62541-i4Component\buildWIN\src_generated\open62541\transport_generated.h">
      <Filter>buildWIN\src_generated\open62541</Filter>
    </ClInclude>
    <ClInclude Include="C:\Projects\open62541-i4Component\buildWIN\src_generated\open62541\transport_generated_handling.h">
      <Filter>buildWIN\src_generated\open62541</Filter>
    </ClInclude>
    <ClInclude Include="C:\Projects\open62541-i4Component\buildWIN\src_generated\open62541\transport_generated_encoding_binary.h">
      <Filter>buildWIN\src_generated\open62541</Filter>
    </ClInclude>
    <ClInclude Include="C:\Projects\open62541-i4Component\src\ua_connection_internal.h">
      <Filter>src</Filter>
    </ClInclude>
    <ClInclude Include="C:\Projects\open62541-i4Component\src\ua_securechannel.h">
      <Filter>src</Filter>
    </ClInclude>
    <ClInclude Include="C:\Projects\open62541-i4Component\src\ua_timer.h">
      <Filter>src</Filter>
    </ClInclude>
    <ClInclude Include="C:\Projects\open62541-i4Component\src\server\ua_session.h">
      <Filter>src\server</Filter>
    </ClInclude>
    <ClInclude Include="C:\Projects\open62541-i4Component\src\server\ua_subscription.h">
      <Filter>src\server</Filter>
    </ClInclude>
    <ClInclude Include="C:\Projects\open62541-i4Component\src\pubsub\ua_pubsub_networkmessage.h">
      <Filter>src\pubsub</Filter>
    </ClInclude>
    <ClInclude Include="C:\Projects\open62541-i4Component\src\pubsub\ua_pubsub.h">
      <Filter>src\pubsub</Filter>
    </ClInclude>
    <ClInclude Include="C:\Projects\open62541-i4Component\src\pubsub\ua_pubsub_manager.h">
      <Filter>src\pubsub</Filter>
    </ClInclude>
    <ClInclude Include="C:\Projects\open62541-i4Component\src\pubsub\ua_pubsub_ns0.h">
      <Filter>src\pubsub</Filter>
    </ClInclude>
    <ClInclude Include="C:\Projects\open62541-i4Component\src\server\ua_server_async.h">
      <Filter>src\server</Filter>
    </ClInclude>
    <ClInclude Include="C:\Projects\open62541-i4Component\src\server\ua_server_internal.h">
      <Filter>src\server</Filter>
    </ClInclude>
    <ClInclude Include="C:\Projects\open62541-i4Component\src\server\ua_services.h">
      <Filter>src\server</Filter>
    </ClInclude>
    <ClInclude Include="C:\Projects\open62541-i4Component\src\client\ua_client_internal.h">
      <Filter>src\client</Filter>
    </ClInclude>
    <ClInclude Include="C:\Projects\open62541-i4Component\src\pubsub\ua_pubsub_config.h">
      <Filter>src\pubsub</Filter>
    </ClInclude>
    <ClInclude Include="C:\Projects\open62541-i4Component\buildWIN\src_generated\open62541\namespace0_generated.h">
      <Filter>buildWIN\src_generated\open62541</Filter>
    </ClInclude>
    <ClInclude Include="C:\Projects\open62541-i4Component\buildWIN\src_generated\open62541\config.h">
      <Filter>buildWIN\src_generated\open62541</Filter>
    </ClInclude>
    <ClInclude Include="C:\Projects\open62541-i4Component\arch\win32\ua_architecture.h">
      <Filter>arch\win32</Filter>
    </ClInclude>
    <ClInclude Include="C:\Projects\open62541-i4Component\deps\ms_stdint.h">
      <Filter>deps</Filter>
    </ClInclude>
    <ClInclude Include="C:\Projects\open62541-i4Component\include\open62541\architecture_definitions.h">
      <Filter>include\open62541</Filter>
    </ClInclude>
    <ClInclude Include="C:\Projects\open62541-i4Component\buildWIN\src_generated\open62541\statuscodes.h">
      <Filter>buildWIN\src_generated\open62541</Filter>
    </ClInclude>
    <ClInclude Include="C:\Projects\open62541-i4Component\buildWIN\src_generated\open62541\nodeids.h">
      <Filter>buildWIN\src_generated\open62541</Filter>
    </ClInclude>
    <ClInclude Include="C:\Projects\open62541-i4Component\include\open62541\common.h">
      <Filter>include\open62541</Filter>
    </ClInclude>
    <ClInclude Include="C:\Projects\open62541-i4Component\include\open62541\types.h">
      <Filter>include\open62541</Filter>
    </ClInclude>
    <ClInclude Include="C:\Projects\open62541-i4Component\buildWIN\src_generated\open62541\types_generated.h">
      <Filter>buildWIN\src_generated\open62541</Filter>
    </ClInclude>
    <ClInclude Include="C:\Projects\open62541-i4Component\buildWIN\src_generated\open62541\types_generated_handling.h">
      <Filter>buildWIN\src_generated\open62541</Filter>
    </ClInclude>
    <ClInclude Include="C:\Projects\open62541-i4Component\include\open62541\util.h">
      <Filter>include\open62541</Filter>
    </ClInclude>
    <ClInclude Include="C:\Projects\open62541-i4Component\include\open62541\plugin\log.h">
      <Filter>include\open62541\plugin</Filter>
    </ClInclude>
    <ClInclude Include="C:\Projects\open62541-i4Component\include\open62541\plugin\network.h">
      <Filter>include\open62541\plugin</Filter>
    </ClInclude>
    <ClInclude Include="C:\Projects\open62541-i4Component\include\open62541\plugin\accesscontrol.h">
      <Filter>include\open62541\plugin</Filter>
    </ClInclude>
    <ClInclude Include="C:\Projects\open62541-i4Component\include\open62541\plugin\pki.h">
      <Filter>include\open62541\plugin</Filter>
    </ClInclude>
    <ClInclude Include="C:\Projects\open62541-i4Component\include\open62541\plugin\securitypolicy.h">
      <Filter>include\open62541\plugin</Filter>
    </ClInclude>
    <ClInclude Include="C:\Projects\open62541-i4Component\include\open62541\plugin\pubsub.h">
      <Filter>include\open62541\plugin</Filter>
    </ClInclude>
    <ClInclude Include="C:\Projects\open62541-i4Component\deps\ziptree.h">
      <Filter>deps</Filter>
    </ClInclude>
    <ClInclude Include="C:\Projects\open62541-i4Component\include\open62541\plugin\nodestore.h">
      <Filter>include\open62541\plugin</Filter>
    </ClInclude>
    <ClInclude Include="C:\Projects\open62541-i4Component\include\open62541\server.h">
      <Filter>include\open62541</Filter>
    </ClInclude>
    <ClInclude Include="C:\Projects\open62541-i4Component\include\open62541\server_pubsub.h">
      <Filter>include\open62541</Filter>
    </ClInclude>
    <ClInclude Include="C:\Projects\open62541-i4Component\include\open62541\client.h">
      <Filter>include\open62541</Filter>
    </ClInclude>
    <ClInclude Include="C:\Projects\open62541-i4Component\include\open62541\client_highlevel.h">
      <Filter>include\open62541</Filter>
    </ClInclude>
    <ClInclude Include="C:\Projects\open62541-i4Component\include\open62541\client_subscriptions.h">
      <Filter>include\open62541</Filter>
    </ClInclude>
    <ClInclude Include="C:\Projects\open62541-i4Component\include\open62541\client_highlevel_async.h">
      <Filter>include\open62541</Filter>
    </ClInclude>
  </ItemGroup>
  <ItemGroup>
    <CustomBuild Include="C:\Projects\open62541-i4Component\CMakeLists.txt" />
  </ItemGroup>
  <ItemGroup>
    <Filter Include="CMake Rules">
      <UniqueIdentifier>{A5809C94-49FF-32C2-A39C-61B61DF76A5A}</UniqueIdentifier>
    </Filter>
    <Filter Include="arch">
      <UniqueIdentifier>{423ED2B5-7557-38BD-962B-C9C3059D2EB0}</UniqueIdentifier>
    </Filter>
    <Filter Include="arch\win32">
      <UniqueIdentifier>{BB0874E3-7C8D-37AF-BD6E-2E97DD2E8DDB}</UniqueIdentifier>
    </Filter>
    <Filter Include="buildWIN">
      <UniqueIdentifier>{1C8BD084-BC62-3738-840B-72FB9D7E2DC4}</UniqueIdentifier>
    </Filter>
    <Filter Include="buildWIN\src_generated">
      <UniqueIdentifier>{6BFDA53D-CF1F-3A17-A700-1BF8E5D77FB9}</UniqueIdentifier>
    </Filter>
    <Filter Include="buildWIN\src_generated\open62541">
      <UniqueIdentifier>{1928DF45-153F-30F9-87CA-3A94FFFDC5EC}</UniqueIdentifier>
    </Filter>
    <Filter Include="deps">
      <UniqueIdentifier>{B531D1D2-FBA2-3BBD-BAC7-CBB67A1F22EF}</UniqueIdentifier>
    </Filter>
    <Filter Include="include">
      <UniqueIdentifier>{DB80EE0B-40A4-39FB-8E2B-876FB2CC62E7}</UniqueIdentifier>
    </Filter>
    <Filter Include="include\open62541">
      <UniqueIdentifier>{B6BCFE7D-6157-34AD-8D84-C1E973DB4AD9}</UniqueIdentifier>
    </Filter>
    <Filter Include="include\open62541\plugin">
      <UniqueIdentifier>{1716FE60-D45C-3345-9628-3878E87AD496}</UniqueIdentifier>
    </Filter>
    <Filter Include="src">
      <UniqueIdentifier>{46A68726-3E15-3306-AB9F-694733AA4CF1}</UniqueIdentifier>
    </Filter>
    <Filter Include="src\client">
      <UniqueIdentifier>{73235F31-65DF-34FF-B828-E05FE9165022}</UniqueIdentifier>
    </Filter>
    <Filter Include="src\pubsub">
      <UniqueIdentifier>{5C0A9836-8F21-319C-8099-B3287B4F78BB}</UniqueIdentifier>
    </Filter>
    <Filter Include="src\server">
      <UniqueIdentifier>{64D84575-4261-3CB7-9A56-B5A4BA29606E}</UniqueIdentifier>
    </Filter>
  </ItemGroup>
</Project>
