Microsoft Visual Studio Solution File, Format Version 12.00
# Visual Studio 15
Project("{2150E333-8FDC-42A3-9474-1A3956D46DE8}") = "CodeAnalysis", "CodeAnalysis", "{F5799040-1340-3614-B098-73C896F16E76}"
EndProject
Project("{2150E333-8FDC-42A3-9474-1A3956D46DE8}") = "_CmakePredifinedTargets", "_CmakePredifinedTargets", "{1F053ED0-5238-30DC-B6AA-927D99E184CF}"
EndProject
Project("{2150E333-8FDC-42A3-9474-1A3956D46DE8}") = "open62541", "open62541", "{24F0EB6E-4224-34AF-AAA5-1A1EDE7D0606}"
EndProject
Project("{2150E333-8FDC-42A3-9474-1A3956D46DE8}") = "doc", "open62541\doc", "{42E96D3C-E54F-3322-AF97-EF0B0880780D}"
EndProject
Project("{2150E333-8FDC-42A3-9474-1A3956D46DE8}") = "generators", "open62541\generators", "{DFB9EB8E-6378-3513-A67F-0072425EF989}"
EndProject
Project("{2150E333-8FDC-42A3-9474-1A3956D46DE8}") = "lib", "open62541\lib", "{D5F08B7A-4996-3254-88CB-D4297B349A7C}"
EndProject
Project("{8BC9CEB8-8B4A-11D0-8D11-00A0C91BC942}") = "ALL_BUILD", "ALL_BUILD.vcxproj", "{77E26A10-ED8A-388B-978B-6BACAB0EE90A}"
	ProjectSection(ProjectDependencies) = postProject
		{3B5D5D17-477D-3DFE-8880-099E76C6AE4C} = {3B5D5D17-477D-3DFE-8880-099E76C6AE4C}
		{BE1BA860-BA25-34EA-B0A6-E725577BD74C} = {BE1BA860-BA25-34EA-B0A6-E725577BD74C}
		{0AC057D4-A66D-3196-A542-0090DE017496} = {0AC057D4-A66D-3196-A542-0090DE017496}
	EndProjectSection
EndProject
Project("{8BC9CEB8-8B4A-11D0-8D11-00A0C91BC942}") = "INSTALL", "INSTALL.vcxproj", "{58F99ABC-A7A3-3F0A-9C3E-A6E1F9D23657}"
	ProjectSection(ProjectDependencies) = postProject
		{77E26A10-ED8A-388B-978B-6BACAB0EE90A} = {77E26A10-ED8A-388B-978B-6BACAB0EE90A}
		{3B5D5D17-477D-3DFE-8880-099E76C6AE4C} = {3B5D5D17-477D-3DFE-8880-099E76C6AE4C}
	EndProjectSection
EndProject
Project("{8BC9CEB8-8B4A-11D0-8D11-00A0C91BC942}") = "PACKAGE", "PACKAGE.vcxproj", "{B17FAFE3-4D46-38B8-BE36-64C4957163DC}"
	ProjectSection(ProjectDependencies) = postProject
		{77E26A10-ED8A-388B-978B-6BACAB0EE90A} = {77E26A10-ED8A-388B-978B-6BACAB0EE90A}
		{3B5D5D17-477D-3DFE-8880-099E76C6AE4C} = {3B5D5D17-477D-3DFE-8880-099E76C6AE4C}
	EndProjectSection
EndProject
Project("{8BC9CEB8-8B4A-11D0-8D11-00A0C91BC942}") = "ZERO_CHECK", "ZERO_CHECK.vcxproj", "{3B5D5D17-477D-3DFE-8880-099E76C6AE4C}"
	ProjectSection(ProjectDependencies) = postProject
	EndProjectSection
EndProject
Project("{8BC9CEB8-8B4A-11D0-8D11-00A0C91BC942}") = "clang-tidy", "clang-tidy.vcxproj", "{D7DCF325-C943-38E8-A648-638D2F04CCD0}"
	ProjectSection(ProjectDependencies) = postProject
		{3B5D5D17-477D-3DFE-8880-099E76C6AE4C} = {3B5D5D17-477D-3DFE-8880-099E76C6AE4C}
		{BE1BA860-BA25-34EA-B0A6-E725577BD74C} = {BE1BA860-BA25-34EA-B0A6-E725577BD74C}
	EndProjectSection
EndProject
Project("{8BC9CEB8-8B4A-11D0-8D11-00A0C91BC942}") = "cpplint", "cpplint.vcxproj", "{232E25EB-11B3-3C15-9C09-1E81237CBDFC}"
	ProjectSection(ProjectDependencies) = postProject
		{3B5D5D17-477D-3DFE-8880-099E76C6AE4C} = {3B5D5D17-477D-3DFE-8880-099E76C6AE4C}
	EndProjectSection
EndProject
Project("{8BC9CEB8-8B4A-11D0-8D11-00A0C91BC942}") = "doc", "doc\doc.vcxproj", "{F6AF84D7-2216-334E-A0CF-E5F33700E7CE}"
	ProjectSection(ProjectDependencies) = postProject
		{3B5D5D17-477D-3DFE-8880-099E76C6AE4C} = {3B5D5D17-477D-3DFE-8880-099E76C6AE4C}
		{BE1BA860-BA25-34EA-B0A6-E725577BD74C} = {BE1BA860-BA25-34EA-B0A6-E725577BD74C}
	EndProjectSection
EndProject
Project("{8BC9CEB8-8B4A-11D0-8D11-00A0C91BC942}") = "doc_latex", "doc\doc_latex.vcxproj", "{584C728F-9D89-3E23-B86F-145C9E3D39D9}"
	ProjectSection(ProjectDependencies) = postProject
		{3B5D5D17-477D-3DFE-8880-099E76C6AE4C} = {3B5D5D17-477D-3DFE-8880-099E76C6AE4C}
		{BE1BA860-BA25-34EA-B0A6-E725577BD74C} = {BE1BA860-BA25-34EA-B0A6-E725577BD74C}
	EndProjectSection
EndProject
Project("{8BC9CEB8-8B4A-11D0-8D11-00A0C91BC942}") = "doc_pdf", "doc\doc_pdf.vcxproj", "{55BD9571-54CA-3F62-8530-ED8026AB8671}"
	ProjectSection(ProjectDependencies) = postProject
		{3B5D5D17-477D-3DFE-8880-099E76C6AE4C} = {3B5D5D17-477D-3DFE-8880-099E76C6AE4C}
		{584C728F-9D89-3E23-B86F-145C9E3D39D9} = {584C728F-9D89-3E23-B86F-145C9E3D39D9}
	EndProjectSection
EndProject
Project("{8BC9CEB8-8B4A-11D0-8D11-00A0C91BC942}") = "open62541", "open62541.vcxproj", "{BE1BA860-BA25-34EA-B0A6-E725577BD74C}"
	ProjectSection(ProjectDependencies) = postProject
		{3B5D5D17-477D-3DFE-8880-099E76C6AE4C} = {3B5D5D17-477D-3DFE-8880-099E76C6AE4C}
		{0AC057D4-A66D-3196-A542-0090DE017496} = {0AC057D4-A66D-3196-A542-0090DE017496}
	EndProjectSection
EndProject
Project("{8BC9CEB8-8B4A-11D0-8D11-00A0C91BC942}") = "open62541-amalgamation-header", "open62541-amalgamation-header.vcxproj", "{A873DD52-4C9A-3085-9651-43E95C885640}"
	ProjectSection(ProjectDependencies) = postProject
		{3B5D5D17-477D-3DFE-8880-099E76C6AE4C} = {3B5D5D17-477D-3DFE-8880-099E76C6AE4C}
		{F9D4D4DB-485E-369B-9E66-28BC68DD7491} = {F9D4D4DB-485E-369B-9E66-28BC68DD7491}
		{4BF318FE-37F3-30A5-BEED-34205FAFD771} = {4BF318FE-37F3-30A5-BEED-34205FAFD771}
	EndProjectSection
EndProject
Project("{8BC9CEB8-8B4A-11D0-8D11-00A0C91BC942}") = "open62541-amalgamation-source", "open62541-amalgamation-source.vcxproj", "{2F273162-D2E6-36C2-9CDB-6CD4F9E7862C}"
	ProjectSection(ProjectDependencies) = postProject
		{3B5D5D17-477D-3DFE-8880-099E76C6AE4C} = {3B5D5D17-477D-3DFE-8880-099E76C6AE4C}
		{F9D4D4DB-485E-369B-9E66-28BC68DD7491} = {F9D4D4DB-485E-369B-9E66-28BC68DD7491}
		{7AABBE24-5CC0-3523-A129-EFEA1437822C} = {7AABBE24-5CC0-3523-A129-EFEA1437822C}
		{E7FC74AC-A884-3E0B-AB46-359017661AC0} = {E7FC74AC-A884-3E0B-AB46-359017661AC0}
		{4BF318FE-37F3-30A5-BEED-34205FAFD771} = {4BF318FE-37F3-30A5-BEED-34205FAFD771}
	EndProjectSection
EndProject
Project("{8BC9CEB8-8B4A-11D0-8D11-00A0C91BC942}") = "open62541-code-generation", "open62541-code-generation.vcxproj", "{E695E361-A086-3964-9B46-44AE704F4170}"
	ProjectSection(ProjectDependencies) = postProject
		{3B5D5D17-477D-3DFE-8880-099E76C6AE4C} = {3B5D5D17-477D-3DFE-8880-099E76C6AE4C}
		{A873DD52-4C9A-3085-9651-43E95C885640} = {A873DD52-4C9A-3085-9651-43E95C885640}
		{2F273162-D2E6-36C2-9CDB-6CD4F9E7862C} = {2F273162-D2E6-36C2-9CDB-6CD4F9E7862C}
		{7AABBE24-5CC0-3523-A129-EFEA1437822C} = {7AABBE24-5CC0-3523-A129-EFEA1437822C}
		{E7FC74AC-A884-3E0B-AB46-359017661AC0} = {E7FC74AC-A884-3E0B-AB46-359017661AC0}
		{4BF318FE-37F3-30A5-BEED-34205FAFD771} = {4BF318FE-37F3-30A5-BEED-34205FAFD771}
	EndProjectSection
EndProject
Project("{8BC9CEB8-8B4A-11D0-8D11-00A0C91BC942}") = "open62541-generator-ids-ns0", "open62541-generator-ids-ns0.vcxproj", "{BDE351EF-BCE3-3B7E-96FD-473FD624CFE8}"
	ProjectSection(ProjectDependencies) = postProject
		{3B5D5D17-477D-3DFE-8880-099E76C6AE4C} = {3B5D5D17-477D-3DFE-8880-099E76C6AE4C}
	EndProjectSection
EndProject
Project("{8BC9CEB8-8B4A-11D0-8D11-00A0C91BC942}") = "open62541-generator-namespace", "open62541-generator-namespace.vcxproj", "{F9D4D4DB-485E-369B-9E66-28BC68DD7491}"
	ProjectSection(ProjectDependencies) = postProject
		{3B5D5D17-477D-3DFE-8880-099E76C6AE4C} = {3B5D5D17-477D-3DFE-8880-099E76C6AE4C}
		{4BF318FE-37F3-30A5-BEED-34205FAFD771} = {4BF318FE-37F3-30A5-BEED-34205FAFD771}
	EndProjectSection
EndProject
Project("{8BC9CEB8-8B4A-11D0-8D11-00A0C91BC942}") = "open62541-generator-statuscode", "open62541-generator-statuscode.vcxproj", "{7AABBE24-5CC0-3523-A129-EFEA1437822C}"
	ProjectSection(ProjectDependencies) = postProject
		{3B5D5D17-477D-3DFE-8880-099E76C6AE4C} = {3B5D5D17-477D-3DFE-8880-099E76C6AE4C}
	EndProjectSection
EndProject
Project("{8BC9CEB8-8B4A-11D0-8D11-00A0C91BC942}") = "open62541-generator-transport", "open62541-generator-transport.vcxproj", "{E7FC74AC-A884-3E0B-AB46-359017661AC0}"
	ProjectSection(ProjectDependencies) = postProject
		{3B5D5D17-477D-3DFE-8880-099E76C6AE4C} = {3B5D5D17-477D-3DFE-8880-099E76C6AE4C}
	EndProjectSection
EndProject
Project("{8BC9CEB8-8B4A-11D0-8D11-00A0C91BC942}") = "open62541-generator-types", "open62541-generator-types.vcxproj", "{4BF318FE-37F3-30A5-BEED-34205FAFD771}"
	ProjectSection(ProjectDependencies) = postProject
		{3B5D5D17-477D-3DFE-8880-099E76C6AE4C} = {3B5D5D17-477D-3DFE-8880-099E76C6AE4C}
	EndProjectSection
EndProject
Project("{8BC9CEB8-8B4A-11D0-8D11-00A0C91BC942}") = "open62541-object", "open62541-object.vcxproj", "{0AC057D4-A66D-3196-A542-0090DE017496}"
	ProjectSection(ProjectDependencies) = postProject
		{3B5D5D17-477D-3DFE-8880-099E76C6AE4C} = {3B5D5D17-477D-3DFE-8880-099E76C6AE4C}
		{E695E361-A086-3964-9B46-44AE704F4170} = {E695E361-A086-3964-9B46-44AE704F4170}
	EndProjectSection
EndProject
Global
	GlobalSection(SolutionConfigurationPlatforms) = preSolution
		Debug|Win32 = Debug|Win32
		Release|Win32 = Release|Win32
		MinSizeRel|Win32 = MinSizeRel|Win32
		RelWithDebInfo|Win32 = RelWithDebInfo|Win32
	EndGlobalSection
	GlobalSection(ProjectConfigurationPlatforms) = postSolution
		{77E26A10-ED8A-388B-978B-6BACAB0EE90A}.Debug|Win32.ActiveCfg = Debug|Win32
		{77E26A10-ED8A-388B-978B-6BACAB0EE90A}.Debug|Win32.Build.0 = Debug|Win32
		{77E26A10-ED8A-388B-978B-6BACAB0EE90A}.Release|Win32.ActiveCfg = Release|Win32
		{77E26A10-ED8A-388B-978B-6BACAB0EE90A}.Release|Win32.Build.0 = Release|Win32
		{77E26A10-ED8A-388B-978B-6BACAB0EE90A}.MinSizeRel|Win32.ActiveCfg = MinSizeRel|Win32
		{77E26A10-ED8A-388B-978B-6BACAB0EE90A}.MinSizeRel|Win32.Build.0 = MinSizeRel|Win32
		{77E26A10-ED8A-388B-978B-6BACAB0EE90A}.RelWithDebInfo|Win32.ActiveCfg = RelWithDebInfo|Win32
		{77E26A10-ED8A-388B-978B-6BACAB0EE90A}.RelWithDebInfo|Win32.Build.0 = RelWithDebInfo|Win32
		{58F99ABC-A7A3-3F0A-9C3E-A6E1F9D23657}.Debug|Win32.ActiveCfg = Debug|Win32
		{58F99ABC-A7A3-3F0A-9C3E-A6E1F9D23657}.Release|Win32.ActiveCfg = Release|Win32
		{58F99ABC-A7A3-3F0A-9C3E-A6E1F9D23657}.MinSizeRel|Win32.ActiveCfg = MinSizeRel|Win32
		{58F99ABC-A7A3-3F0A-9C3E-A6E1F9D23657}.RelWithDebInfo|Win32.ActiveCfg = RelWithDebInfo|Win32
		{B17FAFE3-4D46-38B8-BE36-64C4957163DC}.Debug|Win32.ActiveCfg = Debug|Win32
		{B17FAFE3-4D46-38B8-BE36-64C4957163DC}.Release|Win32.ActiveCfg = Release|Win32
		{B17FAFE3-4D46-38B8-BE36-64C4957163DC}.MinSizeRel|Win32.ActiveCfg = MinSizeRel|Win32
		{B17FAFE3-4D46-38B8-BE36-64C4957163DC}.RelWithDebInfo|Win32.ActiveCfg = RelWithDebInfo|Win32
		{3B5D5D17-477D-3DFE-8880-099E76C6AE4C}.Debug|Win32.ActiveCfg = Debug|Win32
		{3B5D5D17-477D-3DFE-8880-099E76C6AE4C}.Debug|Win32.Build.0 = Debug|Win32
		{3B5D5D17-477D-3DFE-8880-099E76C6AE4C}.Release|Win32.ActiveCfg = Release|Win32
		{3B5D5D17-477D-3DFE-8880-099E76C6AE4C}.Release|Win32.Build.0 = Release|Win32
		{3B5D5D17-477D-3DFE-8880-099E76C6AE4C}.MinSizeRel|Win32.ActiveCfg = MinSizeRel|Win32
		{3B5D5D17-477D-3DFE-8880-099E76C6AE4C}.MinSizeRel|Win32.Build.0 = MinSizeRel|Win32
		{3B5D5D17-477D-3DFE-8880-099E76C6AE4C}.RelWithDebInfo|Win32.ActiveCfg = RelWithDebInfo|Win32
		{3B5D5D17-477D-3DFE-8880-099E76C6AE4C}.RelWithDebInfo|Win32.Build.0 = RelWithDebInfo|Win32
		{D7DCF325-C943-38E8-A648-638D2F04CCD0}.Debug|Win32.ActiveCfg = Debug|Win32
		{D7DCF325-C943-38E8-A648-638D2F04CCD0}.Release|Win32.ActiveCfg = Release|Win32
		{D7DCF325-C943-38E8-A648-638D2F04CCD0}.MinSizeRel|Win32.ActiveCfg = MinSizeRel|Win32
		{D7DCF325-C943-38E8-A648-638D2F04CCD0}.RelWithDebInfo|Win32.ActiveCfg = RelWithDebInfo|Win32
		{232E25EB-11B3-3C15-9C09-1E81237CBDFC}.Debug|Win32.ActiveCfg = Debug|Win32
		{232E25EB-11B3-3C15-9C09-1E81237CBDFC}.Release|Win32.ActiveCfg = Release|Win32
		{232E25EB-11B3-3C15-9C09-1E81237CBDFC}.MinSizeRel|Win32.ActiveCfg = MinSizeRel|Win32
		{232E25EB-11B3-3C15-9C09-1E81237CBDFC}.RelWithDebInfo|Win32.ActiveCfg = RelWithDebInfo|Win32
		{F6AF84D7-2216-334E-A0CF-E5F33700E7CE}.Debug|Win32.ActiveCfg = Debug|Win32
		{F6AF84D7-2216-334E-A0CF-E5F33700E7CE}.Release|Win32.ActiveCfg = Release|Win32
		{F6AF84D7-2216-334E-A0CF-E5F33700E7CE}.MinSizeRel|Win32.ActiveCfg = MinSizeRel|Win32
		{F6AF84D7-2216-334E-A0CF-E5F33700E7CE}.RelWithDebInfo|Win32.ActiveCfg = RelWithDebInfo|Win32
		{584C728F-9D89-3E23-B86F-145C9E3D39D9}.Debug|Win32.ActiveCfg = Debug|Win32
		{584C728F-9D89-3E23-B86F-145C9E3D39D9}.Release|Win32.ActiveCfg = Release|Win32
		{584C728F-9D89-3E23-B86F-145C9E3D39D9}.MinSizeRel|Win32.ActiveCfg = MinSizeRel|Win32
		{584C728F-9D89-3E23-B86F-145C9E3D39D9}.RelWithDebInfo|Win32.ActiveCfg = RelWithDebInfo|Win32
		{55BD9571-54CA-3F62-8530-ED8026AB8671}.Debug|Win32.ActiveCfg = Debug|Win32
		{55BD9571-54CA-3F62-8530-ED8026AB8671}.Release|Win32.ActiveCfg = Release|Win32
		{55BD9571-54CA-3F62-8530-ED8026AB8671}.MinSizeRel|Win32.ActiveCfg = MinSizeRel|Win32
		{55BD9571-54CA-3F62-8530-ED8026AB8671}.RelWithDebInfo|Win32.ActiveCfg = RelWithDebInfo|Win32
		{BE1BA860-BA25-34EA-B0A6-E725577BD74C}.Debug|Win32.ActiveCfg = Debug|Win32
		{BE1BA860-BA25-34EA-B0A6-E725577BD74C}.Debug|Win32.Build.0 = Debug|Win32
		{BE1BA860-BA25-34EA-B0A6-E725577BD74C}.Release|Win32.ActiveCfg = Release|Win32
		{BE1BA860-BA25-34EA-B0A6-E725577BD74C}.Release|Win32.Build.0 = Release|Win32
		{BE1BA860-BA25-34EA-B0A6-E725577BD74C}.MinSizeRel|Win32.ActiveCfg = MinSizeRel|Win32
		{BE1BA860-BA25-34EA-B0A6-E725577BD74C}.MinSizeRel|Win32.Build.0 = MinSizeRel|Win32
		{BE1BA860-BA25-34EA-B0A6-E725577BD74C}.RelWithDebInfo|Win32.ActiveCfg = RelWithDebInfo|Win32
		{BE1BA860-BA25-34EA-B0A6-E725577BD74C}.RelWithDebInfo|Win32.Build.0 = RelWithDebInfo|Win32
		{A873DD52-4C9A-3085-9651-43E95C885640}.Debug|Win32.ActiveCfg = Debug|Win32
		{A873DD52-4C9A-3085-9651-43E95C885640}.Debug|Win32.Build.0 = Debug|Win32
		{A873DD52-4C9A-3085-9651-43E95C885640}.Release|Win32.ActiveCfg = Release|Win32
		{A873DD52-4C9A-3085-9651-43E95C885640}.Release|Win32.Build.0 = Release|Win32
		{A873DD52-4C9A-3085-9651-43E95C885640}.MinSizeRel|Win32.ActiveCfg = MinSizeRel|Win32
		{A873DD52-4C9A-3085-9651-43E95C885640}.MinSizeRel|Win32.Build.0 = MinSizeRel|Win32
		{A873DD52-4C9A-3085-9651-43E95C885640}.RelWithDebInfo|Win32.ActiveCfg = RelWithDebInfo|Win32
		{A873DD52-4C9A-3085-9651-43E95C885640}.RelWithDebInfo|Win32.Build.0 = RelWithDebInfo|Win32
		{2F273162-D2E6-36C2-9CDB-6CD4F9E7862C}.Debug|Win32.ActiveCfg = Debug|Win32
		{2F273162-D2E6-36C2-9CDB-6CD4F9E7862C}.Debug|Win32.Build.0 = Debug|Win32
		{2F273162-D2E6-36C2-9CDB-6CD4F9E7862C}.Release|Win32.ActiveCfg = Release|Win32
		{2F273162-D2E6-36C2-9CDB-6CD4F9E7862C}.Release|Win32.Build.0 = Release|Win32
		{2F273162-D2E6-36C2-9CDB-6CD4F9E7862C}.MinSizeRel|Win32.ActiveCfg = MinSizeRel|Win32
		{2F273162-D2E6-36C2-9CDB-6CD4F9E7862C}.MinSizeRel|Win32.Build.0 = MinSizeRel|Win32
		{2F273162-D2E6-36C2-9CDB-6CD4F9E7862C}.RelWithDebInfo|Win32.ActiveCfg = RelWithDebInfo|Win32
		{2F273162-D2E6-36C2-9CDB-6CD4F9E7862C}.RelWithDebInfo|Win32.Build.0 = RelWithDebInfo|Win32
		{E695E361-A086-3964-9B46-44AE704F4170}.Debug|Win32.ActiveCfg = Debug|Win32
		{E695E361-A086-3964-9B46-44AE704F4170}.Debug|Win32.Build.0 = Debug|Win32
		{E695E361-A086-3964-9B46-44AE704F4170}.Release|Win32.ActiveCfg = Release|Win32
		{E695E361-A086-3964-9B46-44AE704F4170}.Release|Win32.Build.0 = Release|Win32
		{E695E361-A086-3964-9B46-44AE704F4170}.MinSizeRel|Win32.ActiveCfg = MinSizeRel|Win32
		{E695E361-A086-3964-9B46-44AE704F4170}.MinSizeRel|Win32.Build.0 = MinSizeRel|Win32
		{E695E361-A086-3964-9B46-44AE704F4170}.RelWithDebInfo|Win32.ActiveCfg = RelWithDebInfo|Win32
		{E695E361-A086-3964-9B46-44AE704F4170}.RelWithDebInfo|Win32.Build.0 = RelWithDebInfo|Win32
		{BDE351EF-BCE3-3B7E-96FD-473FD624CFE8}.Debug|Win32.ActiveCfg = Debug|Win32
		{BDE351EF-BCE3-3B7E-96FD-473FD624CFE8}.Release|Win32.ActiveCfg = Release|Win32
		{BDE351EF-BCE3-3B7E-96FD-473FD624CFE8}.MinSizeRel|Win32.ActiveCfg = MinSizeRel|Win32
		{BDE351EF-BCE3-3B7E-96FD-473FD624CFE8}.RelWithDebInfo|Win32.ActiveCfg = RelWithDebInfo|Win32
		{F9D4D4DB-485E-369B-9E66-28BC68DD7491}.Debug|Win32.ActiveCfg = Debug|Win32
		{F9D4D4DB-485E-369B-9E66-28BC68DD7491}.Debug|Win32.Build.0 = Debug|Win32
		{F9D4D4DB-485E-369B-9E66-28BC68DD7491}.Release|Win32.ActiveCfg = Release|Win32
		{F9D4D4DB-485E-369B-9E66-28BC68DD7491}.Release|Win32.Build.0 = Release|Win32
		{F9D4D4DB-485E-369B-9E66-28BC68DD7491}.MinSizeRel|Win32.ActiveCfg = MinSizeRel|Win32
		{F9D4D4DB-485E-369B-9E66-28BC68DD7491}.MinSizeRel|Win32.Build.0 = MinSizeRel|Win32
		{F9D4D4DB-485E-369B-9E66-28BC68DD7491}.RelWithDebInfo|Win32.ActiveCfg = RelWithDebInfo|Win32
		{F9D4D4DB-485E-369B-9E66-28BC68DD7491}.RelWithDebInfo|Win32.Build.0 = RelWithDebInfo|Win32
		{7AABBE24-5CC0-3523-A129-EFEA1437822C}.Debug|Win32.ActiveCfg = Debug|Win32
		{7AABBE24-5CC0-3523-A129-EFEA1437822C}.Debug|Win32.Build.0 = Debug|Win32
		{7AABBE24-5CC0-3523-A129-EFEA1437822C}.Release|Win32.ActiveCfg = Release|Win32
		{7AABBE24-5CC0-3523-A129-EFEA1437822C}.Release|Win32.Build.0 = Release|Win32
		{7AABBE24-5CC0-3523-A129-EFEA1437822C}.MinSizeRel|Win32.ActiveCfg = MinSizeRel|Win32
		{7AABBE24-5CC0-3523-A129-EFEA1437822C}.MinSizeRel|Win32.Build.0 = MinSizeRel|Win32
		{7AABBE24-5CC0-3523-A129-EFEA1437822C}.RelWithDebInfo|Win32.ActiveCfg = RelWithDebInfo|Win32
		{7AABBE24-5CC0-3523-A129-EFEA1437822C}.RelWithDebInfo|Win32.Build.0 = RelWithDebInfo|Win32
		{E7FC74AC-A884-3E0B-AB46-359017661AC0}.Debug|Win32.ActiveCfg = Debug|Win32
		{E7FC74AC-A884-3E0B-AB46-359017661AC0}.Debug|Win32.Build.0 = Debug|Win32
		{E7FC74AC-A884-3E0B-AB46-359017661AC0}.Release|Win32.ActiveCfg = Release|Win32
		{E7FC74AC-A884-3E0B-AB46-359017661AC0}.Release|Win32.Build.0 = Release|Win32
		{E7FC74AC-A884-3E0B-AB46-359017661AC0}.MinSizeRel|Win32.ActiveCfg = MinSizeRel|Win32
		{E7FC74AC-A884-3E0B-AB46-359017661AC0}.MinSizeRel|Win32.Build.0 = MinSizeRel|Win32
		{E7FC74AC-A884-3E0B-AB46-359017661AC0}.RelWithDebInfo|Win32.ActiveCfg = RelWithDebInfo|Win32
		{E7FC74AC-A884-3E0B-AB46-359017661AC0}.RelWithDebInfo|Win32.Build.0 = RelWithDebInfo|Win32
		{4BF318FE-37F3-30A5-BEED-34205FAFD771}.Debug|Win32.ActiveCfg = Debug|Win32
		{4BF318FE-37F3-30A5-BEED-34205FAFD771}.Debug|Win32.Build.0 = Debug|Win32
		{4BF318FE-37F3-30A5-BEED-34205FAFD771}.Release|Win32.ActiveCfg = Release|Win32
		{4BF318FE-37F3-30A5-BEED-34205FAFD771}.Release|Win32.Build.0 = Release|Win32
		{4BF318FE-37F3-30A5-BEED-34205FAFD771}.MinSizeRel|Win32.ActiveCfg = MinSizeRel|Win32
		{4BF318FE-37F3-30A5-BEED-34205FAFD771}.MinSizeRel|Win32.Build.0 = MinSizeRel|Win32
		{4BF318FE-37F3-30A5-BEED-34205FAFD771}.RelWithDebInfo|Win32.ActiveCfg = RelWithDebInfo|Win32
		{4BF318FE-37F3-30A5-BEED-34205FAFD771}.RelWithDebInfo|Win32.Build.0 = RelWithDebInfo|Win32
		{0AC057D4-A66D-3196-A542-0090DE017496}.Debug|Win32.ActiveCfg = Debug|Win32
		{0AC057D4-A66D-3196-A542-0090DE017496}.Debug|Win32.Build.0 = Debug|Win32
		{0AC057D4-A66D-3196-A542-0090DE017496}.Release|Win32.ActiveCfg = Release|Win32
		{0AC057D4-A66D-3196-A542-0090DE017496}.Release|Win32.Build.0 = Release|Win32
		{0AC057D4-A66D-3196-A542-0090DE017496}.MinSizeRel|Win32.ActiveCfg = MinSizeRel|Win32
		{0AC057D4-A66D-3196-A542-0090DE017496}.MinSizeRel|Win32.Build.0 = MinSizeRel|Win32
		{0AC057D4-A66D-3196-A542-0090DE017496}.RelWithDebInfo|Win32.ActiveCfg = RelWithDebInfo|Win32
		{0AC057D4-A66D-3196-A542-0090DE017496}.RelWithDebInfo|Win32.Build.0 = RelWithDebInfo|Win32
	EndGlobalSection
	GlobalSection(NestedProjects) = preSolution
		{D7DCF325-C943-38E8-A648-638D2F04CCD0} = {F5799040-1340-3614-B098-73C896F16E76}
		{232E25EB-11B3-3C15-9C09-1E81237CBDFC} = {F5799040-1340-3614-B098-73C896F16E76}
		{77E26A10-ED8A-388B-978B-6BACAB0EE90A} = {1F053ED0-5238-30DC-B6AA-927D99E184CF}
		{58F99ABC-A7A3-3F0A-9C3E-A6E1F9D23657} = {1F053ED0-5238-30DC-B6AA-927D99E184CF}
		{B17FAFE3-4D46-38B8-BE36-64C4957163DC} = {1F053ED0-5238-30DC-B6AA-927D99E184CF}
		{3B5D5D17-477D-3DFE-8880-099E76C6AE4C} = {1F053ED0-5238-30DC-B6AA-927D99E184CF}
		{42E96D3C-E54F-3322-AF97-EF0B0880780D} = {24F0EB6E-4224-34AF-AAA5-1A1EDE7D0606}
		{DFB9EB8E-6378-3513-A67F-0072425EF989} = {24F0EB6E-4224-34AF-AAA5-1A1EDE7D0606}
		{D5F08B7A-4996-3254-88CB-D4297B349A7C} = {24F0EB6E-4224-34AF-AAA5-1A1EDE7D0606}
		{F6AF84D7-2216-334E-A0CF-E5F33700E7CE} = {42E96D3C-E54F-3322-AF97-EF0B0880780D}
		{584C728F-9D89-3E23-B86F-145C9E3D39D9} = {42E96D3C-E54F-3322-AF97-EF0B0880780D}
		{55BD9571-54CA-3F62-8530-ED8026AB8671} = {42E96D3C-E54F-3322-AF97-EF0B0880780D}
		{F9D4D4DB-485E-369B-9E66-28BC68DD7491} = {DFB9EB8E-6378-3513-A67F-0072425EF989}
		{7AABBE24-5CC0-3523-A129-EFEA1437822C} = {DFB9EB8E-6378-3513-A67F-0072425EF989}
		{E7FC74AC-A884-3E0B-AB46-359017661AC0} = {DFB9EB8E-6378-3513-A67F-0072425EF989}
		{4BF318FE-37F3-30A5-BEED-34205FAFD771} = {DFB9EB8E-6378-3513-A67F-0072425EF989}
		{BE1BA860-BA25-34EA-B0A6-E725577BD74C} = {D5F08B7A-4996-3254-88CB-D4297B349A7C}
		{A873DD52-4C9A-3085-9651-43E95C885640} = {D5F08B7A-4996-3254-88CB-D4297B349A7C}
		{2F273162-D2E6-36C2-9CDB-6CD4F9E7862C} = {D5F08B7A-4996-3254-88CB-D4297B349A7C}
		{0AC057D4-A66D-3196-A542-0090DE017496} = {D5F08B7A-4996-3254-88CB-D4297B349A7C}
	EndGlobalSection
	GlobalSection(ExtensibilityGlobals) = postSolution
		SolutionGuid = {8CFFD169-2D52-3CA7-8BD7-9C81E37669F5}
	EndGlobalSection
	GlobalSection(ExtensibilityAddIns) = postSolution
	EndGlobalSection
EndGlobal
