<?xml version="1.0" encoding="utf-8"?>
<Project ToolsVersion="16.0" xmlns="http://schemas.microsoft.com/developer/msbuild/2003">
  <ItemGroup>
    <ClCompile Include="C:\Users\Rudolf\source\repos\STUBA-rupr\open62541-i4Component\plugins\ua_log_stdout.c">
      <Filter>plugins</Filter>
    </ClCompile>
    <ClCompile Include="C:\Users\Rudolf\source\repos\STUBA-rupr\open62541-i4Component\plugins\ua_accesscontrol_default.c">
      <Filter>plugins</Filter>
    </ClCompile>
    <ClCompile Include="C:\Users\Rudolf\source\repos\STUBA-rupr\open62541-i4Component\plugins\ua_nodestore_ziptree.c">
      <Filter>plugins</Filter>
    </ClCompile>
    <ClCompile Include="C:\Users\Rudolf\source\repos\STUBA-rupr\open62541-i4Component\plugins\ua_nodestore_hashmap.c">
      <Filter>plugins</Filter>
    </ClCompile>
    <ClCompile Include="C:\Users\Rudolf\source\repos\STUBA-rupr\open62541-i4Component\plugins\ua_config_default.c">
      <Filter>plugins</Filter>
    </ClCompile>
    <ClCompile Include="C:\Users\Rudolf\source\repos\STUBA-rupr\open62541-i4Component\plugins\crypto\ua_pki_none.c">
      <Filter>plugins\crypto</Filter>
    </ClCompile>
    <ClCompile Include="C:\Users\Rudolf\source\repos\STUBA-rupr\open62541-i4Component\plugins\crypto\ua_securitypolicy_none.c">
      <Filter>plugins\crypto</Filter>
    </ClCompile>
    <ClCompile Include="C:\Users\Rudolf\source\repos\STUBA-rupr\open62541-i4Component\arch\win32\ua_clock.c">
      <Filter>arch\win32</Filter>
    </ClCompile>
    <ClCompile Include="C:\Users\Rudolf\source\repos\STUBA-rupr\open62541-i4Component\arch\win32\ua_architecture_functions.c">
      <Filter>arch\win32</Filter>
    </ClCompile>
    <ClCompile Include="C:\Users\Rudolf\source\repos\STUBA-rupr\open62541-i4Component\arch\network_tcp.c">
      <Filter>arch</Filter>
    </ClCompile>
  </ItemGroup>
  <ItemGroup>
    <ClInclude Include="C:\Users\Rudolf\source\repos\STUBA-rupr\open62541-i4Component\buildWIN\src_generated\open62541\config.h">
      <Filter>buildWIN\src_generated\open62541</Filter>
    </ClInclude>
    <ClInclude Include="C:\Users\Rudolf\source\repos\STUBA-rupr\open62541-i4Component\arch\win32\ua_architecture.h">
      <Filter>arch\win32</Filter>
    </ClInclude>
    <ClInclude Include="C:\Users\Rudolf\source\repos\STUBA-rupr\open62541-i4Component\deps\ms_stdint.h">
      <Filter>deps</Filter>
    </ClInclude>
    <ClInclude Include="C:\Users\Rudolf\source\repos\STUBA-rupr\open62541-i4Component\include\open62541\architecture_definitions.h">
      <Filter>include\open62541</Filter>
    </ClInclude>
    <ClInclude Include="C:\Users\Rudolf\source\repos\STUBA-rupr\open62541-i4Component\buildWIN\src_generated\open62541\statuscodes.h">
      <Filter>buildWIN\src_generated\open62541</Filter>
    </ClInclude>
    <ClInclude Include="C:\Users\Rudolf\source\repos\STUBA-rupr\open62541-i4Component\buildWIN\src_generated\open62541\nodeids.h">
      <Filter>buildWIN\src_generated\open62541</Filter>
    </ClInclude>
    <ClInclude Include="C:\Users\Rudolf\source\repos\STUBA-rupr\open62541-i4Component\include\open62541\common.h">
      <Filter>include\open62541</Filter>
    </ClInclude>
    <ClInclude Include="C:\Users\Rudolf\source\repos\STUBA-rupr\open62541-i4Component\include\open62541\types.h">
      <Filter>include\open62541</Filter>
    </ClInclude>
    <ClInclude Include="C:\Users\Rudolf\source\repos\STUBA-rupr\open62541-i4Component\buildWIN\src_generated\open62541\types_generated.h">
      <Filter>buildWIN\src_generated\open62541</Filter>
    </ClInclude>
    <ClInclude Include="C:\Users\Rudolf\source\repos\STUBA-rupr\open62541-i4Component\buildWIN\src_generated\open62541\types_generated_handling.h">
      <Filter>buildWIN\src_generated\open62541</Filter>
    </ClInclude>
    <ClInclude Include="C:\Users\Rudolf\source\repos\STUBA-rupr\open62541-i4Component\include\open62541\util.h">
      <Filter>include\open62541</Filter>
    </ClInclude>
    <ClInclude Include="C:\Users\Rudolf\source\repos\STUBA-rupr\open62541-i4Component\include\open62541\plugin\log.h">
      <Filter>include\open62541\plugin</Filter>
    </ClInclude>
    <ClInclude Include="C:\Users\Rudolf\source\repos\STUBA-rupr\open62541-i4Component\include\open62541\plugin\network.h">
      <Filter>include\open62541\plugin</Filter>
    </ClInclude>
    <ClInclude Include="C:\Users\Rudolf\source\repos\STUBA-rupr\open62541-i4Component\include\open62541\plugin\accesscontrol.h">
      <Filter>include\open62541\plugin</Filter>
    </ClInclude>
    <ClInclude Include="C:\Users\Rudolf\source\repos\STUBA-rupr\open62541-i4Component\include\open62541\plugin\pki.h">
      <Filter>include\open62541\plugin</Filter>
    </ClInclude>
    <ClInclude Include="C:\Users\Rudolf\source\repos\STUBA-rupr\open62541-i4Component\include\open62541\plugin\securitypolicy.h">
      <Filter>include\open62541\plugin</Filter>
    </ClInclude>
    <ClInclude Include="C:\Users\Rudolf\source\repos\STUBA-rupr\open62541-i4Component\include\open62541\plugin\pubsub.h">
      <Filter>include\open62541\plugin</Filter>
    </ClInclude>
    <ClInclude Include="C:\Users\Rudolf\source\repos\STUBA-rupr\open62541-i4Component\deps\ziptree.h">
      <Filter>deps</Filter>
    </ClInclude>
    <ClInclude Include="C:\Users\Rudolf\source\repos\STUBA-rupr\open62541-i4Component\include\open62541\plugin\nodestore.h">
      <Filter>include\open62541\plugin</Filter>
    </ClInclude>
    <ClInclude Include="C:\Users\Rudolf\source\repos\STUBA-rupr\open62541-i4Component\include\open62541\server.h">
      <Filter>include\open62541</Filter>
    </ClInclude>
    <ClInclude Include="C:\Users\Rudolf\source\repos\STUBA-rupr\open62541-i4Component\include\open62541\server_pubsub.h">
      <Filter>include\open62541</Filter>
    </ClInclude>
    <ClInclude Include="C:\Users\Rudolf\source\repos\STUBA-rupr\open62541-i4Component\include\open62541\client.h">
      <Filter>include\open62541</Filter>
    </ClInclude>
    <ClInclude Include="C:\Users\Rudolf\source\repos\STUBA-rupr\open62541-i4Component\include\open62541\client_highlevel.h">
      <Filter>include\open62541</Filter>
    </ClInclude>
    <ClInclude Include="C:\Users\Rudolf\source\repos\STUBA-rupr\open62541-i4Component\include\open62541\client_subscriptions.h">
      <Filter>include\open62541</Filter>
    </ClInclude>
    <ClInclude Include="C:\Users\Rudolf\source\repos\STUBA-rupr\open62541-i4Component\include\open62541\client_highlevel_async.h">
      <Filter>include\open62541</Filter>
    </ClInclude>
  </ItemGroup>
  <ItemGroup>
    <CustomBuild Include="C:\Users\Rudolf\source\repos\STUBA-rupr\open62541-i4Component\buildWIN\CMakeFiles\7dc60401d3773f32c473f2413958f9b6\statuscodes.h.rule">
      <Filter>CMake Rules</Filter>
    </CustomBuild>
    <CustomBuild Include="C:\Users\Rudolf\source\repos\STUBA-rupr\open62541-i4Component\buildWIN\CMakeFiles\7dc60401d3773f32c473f2413958f9b6\nodeids.h.rule">
      <Filter>CMake Rules</Filter>
    </CustomBuild>
    <CustomBuild Include="C:\Users\Rudolf\source\repos\STUBA-rupr\open62541-i4Component\CMakeLists.txt" />
  </ItemGroup>
  <ItemGroup>
    <Filter Include="CMake Rules">
      <UniqueIdentifier>{AF5292DF-B226-3C2A-B6DE-4FC2205251E3}</UniqueIdentifier>
    </Filter>
    <Filter Include="arch">
      <UniqueIdentifier>{CEC62041-5D62-3FEB-AC7E-82DA3729AE50}</UniqueIdentifier>
    </Filter>
    <Filter Include="arch\win32">
      <UniqueIdentifier>{C38535C3-71C8-32CA-BEA8-D99F5CB06151}</UniqueIdentifier>
    </Filter>
    <Filter Include="buildWIN">
      <UniqueIdentifier>{9C0AEE8D-C2DE-3637-952A-D4E54311E7B6}</UniqueIdentifier>
    </Filter>
    <Filter Include="buildWIN\src_generated">
      <UniqueIdentifier>{CE19045B-725F-3C6E-818B-B70537332DD4}</UniqueIdentifier>
    </Filter>
    <Filter Include="buildWIN\src_generated\open62541">
      <UniqueIdentifier>{0CF46038-7353-3E9D-AE65-3246898C169F}</UniqueIdentifier>
    </Filter>
    <Filter Include="deps">
      <UniqueIdentifier>{E0F47F16-CCC0-3F22-8C21-A39718F4EDBF}</UniqueIdentifier>
    </Filter>
    <Filter Include="include">
      <UniqueIdentifier>{87B015E5-E123-3410-BE0E-E5D77F86A1C9}</UniqueIdentifier>
    </Filter>
    <Filter Include="include\open62541">
      <UniqueIdentifier>{6F0C2EBC-5763-3374-A9BD-7666BDF8A703}</UniqueIdentifier>
    </Filter>
    <Filter Include="include\open62541\plugin">
      <UniqueIdentifier>{BEC6A097-C659-3BEF-B74D-36550A0E39EC}</UniqueIdentifier>
    </Filter>
    <Filter Include="plugins">
      <UniqueIdentifier>{34C5572C-2075-3FB4-8708-79DE2DA1CFE8}</UniqueIdentifier>
    </Filter>
    <Filter Include="plugins\crypto">
      <UniqueIdentifier>{B2A1889D-524E-381F-B1D8-342F1F24D86E}</UniqueIdentifier>
    </Filter>
  </ItemGroup>
</Project>
