<?xml version="1.0" encoding="utf-8"?>
<Project ToolsVersion="15.0" xmlns="http://schemas.microsoft.com/developer/msbuild/2003">
  <ItemGroup>
    <CustomBuild Include="C:\Projects\open62541-i4Component\buildWIN\CMakeFiles\3f478821d1ab3db1296c98264962cbda\PACKAGE_force.rule">
      <Filter>CMake Rules</Filter>
    </CustomBuild>
  </ItemGroup>
  <ItemGroup>
    <Filter Include="CMake Rules">
      <UniqueIdentifier>{A5809C94-49FF-32C2-A39C-61B61DF76A5A}</UniqueIdentifier>
    </Filter>
  </ItemGroup>
</Project>
