
Microsoft Visual Studio Solution File, Format Version 12.00
# Visual Studio 15
VisualStudioVersion = 15.0.28307.1209
MinimumVisualStudioVersion = 10.0.40219.1
Project("{FAE04EC0-301F-11D3-BF4B-00C04F79EFBC}") = "InformationModelHelper", "InformationModelHelper.csproj", "{5D90ED71-13FC-49C0-9AB4-782153D892F3}"
EndProject
Global
	GlobalSection(SolutionConfigurationPlatforms) = preSolution
		Debug|Any CPU = Debug|Any CPU
		Release|Any CPU = Release|Any CPU
	EndGlobalSection
	GlobalSection(ProjectConfigurationPlatforms) = postSolution
		{5D90ED71-13FC-49C0-9AB4-782153D892F3}.Debug|Any CPU.ActiveCfg = Debug|Any CPU
		{5D90ED71-13FC-49C0-9AB4-782153D892F3}.Debug|Any CPU.Build.0 = Debug|Any CPU
		{5D90ED71-13FC-49C0-9AB4-782153D892F3}.Release|Any CPU.ActiveCfg = Release|Any CPU
		{5D90ED71-13FC-49C0-9AB4-782153D892F3}.Release|Any CPU.Build.0 = Release|Any CPU
	EndGlobalSection
	GlobalSection(SolutionProperties) = preSolution
		HideSolutionNode = FALSE
	EndGlobalSection
	GlobalSection(ExtensibilityGlobals) = postSolution
		SolutionGuid = {515F03A9-BE7B-4815-9716-E367494B407F}
	EndGlobalSection
EndGlobal
